// !$*UTF8*$!
{
	archiveVersion = 1;
	classes = {
	};
	objectVersion = 46;
	objects = {

/* Begin PBXBuildFile section */
		565143FA1DFAB79E00F56B32 /* adsr.pd in Resources */ = {isa = PBXBuildFile; fileRef = 565143F81DFAB79E00F56B32 /* adsr.pd */; };
		565143FB1DFAB79E00F56B32 /* xfade.pd in Resources */ = {isa = PBXBuildFile; fileRef = 565143F91DFAB79E00F56B32 /* xfade.pd */; };
		565143FE1DFAF11600F56B32 /* pluck~.pd in Resources */ = {isa = PBXBuildFile; fileRef = 565143FC1DFAF11600F56B32 /* pluck~.pd */; };
		565143FF1DFAF11600F56B32 /* stringsynth.pd in Resources */ = {isa = PBXBuildFile; fileRef = 565143FD1DFAF11600F56B32 /* stringsynth.pd */; };
		56621B0D1DE39D33009B9AB6 /* ChirpPerformance.swift in Sources */ = {isa = PBXBuildFile; fileRef = 56621B0C1DE39D33009B9AB6 /* ChirpPerformance.swift */; };
		56621B0F1DE47376009B9AB6 /* AppDelegate.swift in Sources */ = {isa = PBXBuildFile; fileRef = 56621B0E1DE47376009B9AB6 /* AppDelegate.swift */; };
		56621B111DE47D5B009B9AB6 /* ChirpJamViewController.swift in Sources */ = {isa = PBXBuildFile; fileRef = 56621B101DE47D5B009B9AB6 /* ChirpJamViewController.swift */; };
		56621B131DE4A496009B9AB6 /* ChirpView.swift in Sources */ = {isa = PBXBuildFile; fileRef = 56621B121DE4A496009B9AB6 /* ChirpView.swift */; };
		56621B151DE73236009B9AB6 /* RecordingTableTableViewController.swift in Sources */ = {isa = PBXBuildFile; fileRef = 56621B141DE73236009B9AB6 /* RecordingTableTableViewController.swift */; };
		56621B171DEC27B0009B9AB6 /* PerformanceTableCell.swift in Sources */ = {isa = PBXBuildFile; fileRef = 56621B161DEC27B0009B9AB6 /* PerformanceTableCell.swift */; };
		5669CA981DA7AAA6009EEC3B /* Main.storyboard in Resources */ = {isa = PBXBuildFile; fileRef = 5669CA961DA7AAA6009EEC3B /* Main.storyboard */; };
		5669CA9A1DA7AAA6009EEC3B /* Assets.xcassets in Resources */ = {isa = PBXBuildFile; fileRef = 5669CA991DA7AAA6009EEC3B /* Assets.xcassets */; };
		5669CA9D1DA7AAA6009EEC3B /* LaunchScreen.storyboard in Resources */ = {isa = PBXBuildFile; fileRef = 5669CA9B1DA7AAA6009EEC3B /* LaunchScreen.storyboard */; };
		5669CAA81DA7AAA6009EEC3B /* chirpeyTests.m in Sources */ = {isa = PBXBuildFile; fileRef = 5669CAA71DA7AAA6009EEC3B /* chirpeyTests.m */; };
		5669CAB31DA7AAA6009EEC3B /* chirpeyUITests.m in Sources */ = {isa = PBXBuildFile; fileRef = 5669CAB21DA7AAA6009EEC3B /* chirpeyUITests.m */; };
		5669CAE11DA7D06A009EEC3B /* chirp.pd in Resources */ = {isa = PBXBuildFile; fileRef = 5669CAC61DA7D06A009EEC3B /* chirp.pd */; };
		5669CAE21DA7D06A009EEC3B /* dispatch.pd in Resources */ = {isa = PBXBuildFile; fileRef = 5669CAC91DA7D06A009EEC3B /* dispatch.pd */; };
		5669CAE31DA7D06A009EEC3B /* monopan.pd in Resources */ = {isa = PBXBuildFile; fileRef = 5669CACA1DA7D06A009EEC3B /* monopan.pd */; };
		5669CAE41DA7D06A009EEC3B /* monovol.pd in Resources */ = {isa = PBXBuildFile; fileRef = 5669CACB1DA7D06A009EEC3B /* monovol.pd */; };
		5669CAE51DA7D06A009EEC3B /* stereovol.pd in Resources */ = {isa = PBXBuildFile; fileRef = 5669CACC1DA7D06A009EEC3B /* stereovol.pd */; };
		5669CAE61DA7D06A009EEC3B /* volumeRandomise.pd in Resources */ = {isa = PBXBuildFile; fileRef = 5669CACD1DA7D06A009EEC3B /* volumeRandomise.pd */; };
		5669CAE71DA7D06A009EEC3B /* effectschain.pd in Resources */ = {isa = PBXBuildFile; fileRef = 5669CACE1DA7D06A009EEC3B /* effectschain.pd */; };
		5669CAE81DA7D06A009EEC3B /* feedbackdelay.pd in Resources */ = {isa = PBXBuildFile; fileRef = 5669CAD01DA7D06A009EEC3B /* feedbackdelay.pd */; };
		5669CAE91DA7D06A009EEC3B /* graindelay~.pd in Resources */ = {isa = PBXBuildFile; fileRef = 5669CAD11DA7D06A009EEC3B /* graindelay~.pd */; };
		5669CAEA1DA7D06A009EEC3B /* pitchshift~.pd in Resources */ = {isa = PBXBuildFile; fileRef = 5669CAD21DA7D06A009EEC3B /* pitchshift~.pd */; };
		5669CAEB1DA7D06A009EEC3B /* rev2~.pd in Resources */ = {isa = PBXBuildFile; fileRef = 5669CAD31DA7D06A009EEC3B /* rev2~.pd */; };
		5669CAEC1DA7D06A009EEC3B /* rlop~.pd in Resources */ = {isa = PBXBuildFile; fileRef = 5669CAD41DA7D06A009EEC3B /* rlop~.pd */; };
		5669CAED1DA7D06A009EEC3B /* hhm-effects-chain.mmp in Resources */ = {isa = PBXBuildFile; fileRef = 5669CAD51DA7D06A009EEC3B /* hhm-effects-chain.mmp */; };
		5669CAEE1DA7D06A009EEC3B /* cpmlooper.pd in Resources */ = {isa = PBXBuildFile; fileRef = 5669CAD71DA7D06A009EEC3B /* cpmlooper.pd */; };
		5669CAEF1DA7D06A009EEC3B /* percsampler.pd in Resources */ = {isa = PBXBuildFile; fileRef = 5669CAD81DA7D06A009EEC3B /* percsampler.pd */; };
		5669CAF01DA7D06A009EEC3B /* slicesampler.pd in Resources */ = {isa = PBXBuildFile; fileRef = 5669CAD91DA7D06A009EEC3B /* slicesampler.pd */; };
		5669CAF11DA7D06A009EEC3B /* loadMetaPdLibs.pd in Resources */ = {isa = PBXBuildFile; fileRef = 5669CADA1DA7D06A009EEC3B /* loadMetaPdLibs.pd */; };
		5669CAF31DA7D06A009EEC3B /* m_lydian.pd in Resources */ = {isa = PBXBuildFile; fileRef = 5669CADD1DA7D06A009EEC3B /* m_lydian.pd */; };
		5669CAF41DA7D06A009EEC3B /* m_lydiansharp5.pd in Resources */ = {isa = PBXBuildFile; fileRef = 5669CADE1DA7D06A009EEC3B /* m_lydiansharp5.pd */; };
		5669CAF51DA7D06A009EEC3B /* m_mixolydian.pd in Resources */ = {isa = PBXBuildFile; fileRef = 5669CADF1DA7D06A009EEC3B /* m_mixolydian.pd */; };
		5669CAF61DA7D06A009EEC3B /* m_phrygian.pd in Resources */ = {isa = PBXBuildFile; fileRef = 5669CAE01DA7D06A009EEC3B /* m_phrygian.pd */; };
		568D1DC41DF995E500A2BC0B /* Settings.bundle in Resources */ = {isa = PBXBuildFile; fileRef = 568D1DC31DF995E500A2BC0B /* Settings.bundle */; };
		568D1DC81DF9BEDF00A2BC0B /* drums.pd in Resources */ = {isa = PBXBuildFile; fileRef = 568D1DC51DF9BEDF00A2BC0B /* drums.pd */; };
		568D1DC91DF9BEDF00A2BC0B /* keys.pd in Resources */ = {isa = PBXBuildFile; fileRef = 568D1DC61DF9BEDF00A2BC0B /* keys.pd */; };
		568D1DCA1DF9BEDF00A2BC0B /* strings.pd in Resources */ = {isa = PBXBuildFile; fileRef = 568D1DC71DF9BEDF00A2BC0B /* strings.pd */; };
		86FD684F0B45881B83674F9A /* libPods-chirpey.a in Frameworks */ = {isa = PBXBuildFile; fileRef = 5D5CD479C0D4E83161A3BD3C /* libPods-chirpey.a */; };
/* End PBXBuildFile section */

/* Begin PBXContainerItemProxy section */
		5669CAA41DA7AAA6009EEC3B /* PBXContainerItemProxy */ = {
			isa = PBXContainerItemProxy;
			containerPortal = 5669CA821DA7AAA5009EEC3B /* Project object */;
			proxyType = 1;
			remoteGlobalIDString = 5669CA891DA7AAA5009EEC3B;
			remoteInfo = chirpey;
		};
		5669CAAF1DA7AAA6009EEC3B /* PBXContainerItemProxy */ = {
			isa = PBXContainerItemProxy;
			containerPortal = 5669CA821DA7AAA5009EEC3B /* Project object */;
			proxyType = 1;
			remoteGlobalIDString = 5669CA891DA7AAA5009EEC3B;
			remoteInfo = chirpey;
		};
/* End PBXContainerItemProxy section */

/* Begin PBXFileReference section */
		565143F81DFAB79E00F56B32 /* adsr.pd */ = {isa = PBXFileReference; fileEncoding = 4; lastKnownFileType = text; path = adsr.pd; sourceTree = "<group>"; };
		565143F91DFAB79E00F56B32 /* xfade.pd */ = {isa = PBXFileReference; fileEncoding = 4; lastKnownFileType = text; path = xfade.pd; sourceTree = "<group>"; };
		565143FC1DFAF11600F56B32 /* pluck~.pd */ = {isa = PBXFileReference; fileEncoding = 4; lastKnownFileType = text; path = "pluck~.pd"; sourceTree = "<group>"; };
		565143FD1DFAF11600F56B32 /* stringsynth.pd */ = {isa = PBXFileReference; fileEncoding = 4; lastKnownFileType = text; path = stringsynth.pd; sourceTree = "<group>"; };
		56621B091DE344E2009B9AB6 /* chirpey-Bridging-Header.h */ = {isa = PBXFileReference; lastKnownFileType = sourcecode.c.h; path = "chirpey-Bridging-Header.h"; sourceTree = "<group>"; };
		56621B0C1DE39D33009B9AB6 /* ChirpPerformance.swift */ = {isa = PBXFileReference; fileEncoding = 4; lastKnownFileType = sourcecode.swift; path = ChirpPerformance.swift; sourceTree = "<group>"; };
		56621B0E1DE47376009B9AB6 /* AppDelegate.swift */ = {isa = PBXFileReference; fileEncoding = 4; lastKnownFileType = sourcecode.swift; path = AppDelegate.swift; sourceTree = "<group>"; };
		56621B101DE47D5B009B9AB6 /* ChirpJamViewController.swift */ = {isa = PBXFileReference; fileEncoding = 4; lastKnownFileType = sourcecode.swift; path = ChirpJamViewController.swift; sourceTree = "<group>"; };
		56621B121DE4A496009B9AB6 /* ChirpView.swift */ = {isa = PBXFileReference; fileEncoding = 4; lastKnownFileType = sourcecode.swift; path = ChirpView.swift; sourceTree = "<group>"; };
		56621B141DE73236009B9AB6 /* RecordingTableTableViewController.swift */ = {isa = PBXFileReference; fileEncoding = 4; lastKnownFileType = sourcecode.swift; path = RecordingTableTableViewController.swift; sourceTree = "<group>"; };
		56621B161DEC27B0009B9AB6 /* PerformanceTableCell.swift */ = {isa = PBXFileReference; fileEncoding = 4; lastKnownFileType = sourcecode.swift; path = PerformanceTableCell.swift; sourceTree = "<group>"; };
		5669CA8A1DA7AAA5009EEC3B /* chirpey.app */ = {isa = PBXFileReference; explicitFileType = wrapper.application; includeInIndex = 0; path = chirpey.app; sourceTree = BUILT_PRODUCTS_DIR; };
		5669CA971DA7AAA6009EEC3B /* Base */ = {isa = PBXFileReference; lastKnownFileType = file.storyboard; name = Base; path = Base.lproj/Main.storyboard; sourceTree = "<group>"; };
		5669CA991DA7AAA6009EEC3B /* Assets.xcassets */ = {isa = PBXFileReference; lastKnownFileType = folder.assetcatalog; path = Assets.xcassets; sourceTree = "<group>"; };
		5669CA9C1DA7AAA6009EEC3B /* Base */ = {isa = PBXFileReference; lastKnownFileType = file.storyboard; name = Base; path = Base.lproj/LaunchScreen.storyboard; sourceTree = "<group>"; };
		5669CA9E1DA7AAA6009EEC3B /* Info.plist */ = {isa = PBXFileReference; lastKnownFileType = text.plist.xml; path = Info.plist; sourceTree = "<group>"; };
		5669CAA31DA7AAA6009EEC3B /* chirpeyTests.xctest */ = {isa = PBXFileReference; explicitFileType = wrapper.cfbundle; includeInIndex = 0; path = chirpeyTests.xctest; sourceTree = BUILT_PRODUCTS_DIR; };
		5669CAA71DA7AAA6009EEC3B /* chirpeyTests.m */ = {isa = PBXFileReference; lastKnownFileType = sourcecode.c.objc; path = chirpeyTests.m; sourceTree = "<group>"; };
		5669CAA91DA7AAA6009EEC3B /* Info.plist */ = {isa = PBXFileReference; lastKnownFileType = text.plist.xml; path = Info.plist; sourceTree = "<group>"; };
		5669CAAE1DA7AAA6009EEC3B /* chirpeyUITests.xctest */ = {isa = PBXFileReference; explicitFileType = wrapper.cfbundle; includeInIndex = 0; path = chirpeyUITests.xctest; sourceTree = BUILT_PRODUCTS_DIR; };
		5669CAB21DA7AAA6009EEC3B /* chirpeyUITests.m */ = {isa = PBXFileReference; lastKnownFileType = sourcecode.c.objc; path = chirpeyUITests.m; sourceTree = "<group>"; };
		5669CAB41DA7AAA6009EEC3B /* Info.plist */ = {isa = PBXFileReference; lastKnownFileType = text.plist.xml; path = Info.plist; sourceTree = "<group>"; };
		5669CAC61DA7D06A009EEC3B /* chirp.pd */ = {isa = PBXFileReference; fileEncoding = 4; lastKnownFileType = text; path = chirp.pd; sourceTree = "<group>"; };
		5669CAC91DA7D06A009EEC3B /* dispatch.pd */ = {isa = PBXFileReference; fileEncoding = 4; lastKnownFileType = text; path = dispatch.pd; sourceTree = "<group>"; };
		5669CACA1DA7D06A009EEC3B /* monopan.pd */ = {isa = PBXFileReference; fileEncoding = 4; lastKnownFileType = text; path = monopan.pd; sourceTree = "<group>"; };
		5669CACB1DA7D06A009EEC3B /* monovol.pd */ = {isa = PBXFileReference; fileEncoding = 4; lastKnownFileType = text; path = monovol.pd; sourceTree = "<group>"; };
		5669CACC1DA7D06A009EEC3B /* stereovol.pd */ = {isa = PBXFileReference; fileEncoding = 4; lastKnownFileType = text; path = stereovol.pd; sourceTree = "<group>"; };
		5669CACD1DA7D06A009EEC3B /* volumeRandomise.pd */ = {isa = PBXFileReference; fileEncoding = 4; lastKnownFileType = text; path = volumeRandomise.pd; sourceTree = "<group>"; };
		5669CACE1DA7D06A009EEC3B /* effectschain.pd */ = {isa = PBXFileReference; fileEncoding = 4; lastKnownFileType = text; path = effectschain.pd; sourceTree = "<group>"; };
		5669CAD01DA7D06A009EEC3B /* feedbackdelay.pd */ = {isa = PBXFileReference; fileEncoding = 4; lastKnownFileType = text; path = feedbackdelay.pd; sourceTree = "<group>"; };
		5669CAD11DA7D06A009EEC3B /* graindelay~.pd */ = {isa = PBXFileReference; fileEncoding = 4; lastKnownFileType = text; path = "graindelay~.pd"; sourceTree = "<group>"; };
		5669CAD21DA7D06A009EEC3B /* pitchshift~.pd */ = {isa = PBXFileReference; fileEncoding = 4; lastKnownFileType = text; path = "pitchshift~.pd"; sourceTree = "<group>"; };
		5669CAD31DA7D06A009EEC3B /* rev2~.pd */ = {isa = PBXFileReference; fileEncoding = 4; lastKnownFileType = text; path = "rev2~.pd"; sourceTree = "<group>"; };
		5669CAD41DA7D06A009EEC3B /* rlop~.pd */ = {isa = PBXFileReference; fileEncoding = 4; lastKnownFileType = text; path = "rlop~.pd"; sourceTree = "<group>"; };
		5669CAD51DA7D06A009EEC3B /* hhm-effects-chain.mmp */ = {isa = PBXFileReference; fileEncoding = 4; lastKnownFileType = text; path = "hhm-effects-chain.mmp"; sourceTree = "<group>"; };
		5669CAD71DA7D06A009EEC3B /* cpmlooper.pd */ = {isa = PBXFileReference; fileEncoding = 4; lastKnownFileType = text; path = cpmlooper.pd; sourceTree = "<group>"; };
		5669CAD81DA7D06A009EEC3B /* percsampler.pd */ = {isa = PBXFileReference; fileEncoding = 4; lastKnownFileType = text; path = percsampler.pd; sourceTree = "<group>"; };
		5669CAD91DA7D06A009EEC3B /* slicesampler.pd */ = {isa = PBXFileReference; fileEncoding = 4; lastKnownFileType = text; path = slicesampler.pd; sourceTree = "<group>"; };
		5669CADA1DA7D06A009EEC3B /* loadMetaPdLibs.pd */ = {isa = PBXFileReference; fileEncoding = 4; lastKnownFileType = text; path = loadMetaPdLibs.pd; sourceTree = "<group>"; };
		5669CADD1DA7D06A009EEC3B /* m_lydian.pd */ = {isa = PBXFileReference; fileEncoding = 4; lastKnownFileType = text; path = m_lydian.pd; sourceTree = "<group>"; };
		5669CADE1DA7D06A009EEC3B /* m_lydiansharp5.pd */ = {isa = PBXFileReference; fileEncoding = 4; lastKnownFileType = text; path = m_lydiansharp5.pd; sourceTree = "<group>"; };
		5669CADF1DA7D06A009EEC3B /* m_mixolydian.pd */ = {isa = PBXFileReference; fileEncoding = 4; lastKnownFileType = text; path = m_mixolydian.pd; sourceTree = "<group>"; };
		5669CAE01DA7D06A009EEC3B /* m_phrygian.pd */ = {isa = PBXFileReference; fileEncoding = 4; lastKnownFileType = text; path = m_phrygian.pd; sourceTree = "<group>"; };
		568D1DC31DF995E500A2BC0B /* Settings.bundle */ = {isa = PBXFileReference; lastKnownFileType = "wrapper.plug-in"; path = Settings.bundle; sourceTree = "<group>"; };
		568D1DC51DF9BEDF00A2BC0B /* drums.pd */ = {isa = PBXFileReference; fileEncoding = 4; lastKnownFileType = text; path = drums.pd; sourceTree = "<group>"; };
		568D1DC61DF9BEDF00A2BC0B /* keys.pd */ = {isa = PBXFileReference; fileEncoding = 4; lastKnownFileType = text; path = keys.pd; sourceTree = "<group>"; };
		568D1DC71DF9BEDF00A2BC0B /* strings.pd */ = {isa = PBXFileReference; fileEncoding = 4; lastKnownFileType = text; path = strings.pd; sourceTree = "<group>"; };
		5D5CD479C0D4E83161A3BD3C /* libPods-chirpey.a */ = {isa = PBXFileReference; explicitFileType = archive.ar; includeInIndex = 0; path = "libPods-chirpey.a"; sourceTree = BUILT_PRODUCTS_DIR; };
		BC5F345921BE4B4AE8AB02D6 /* Pods-chirpey.debug.xcconfig */ = {isa = PBXFileReference; includeInIndex = 1; lastKnownFileType = text.xcconfig; name = "Pods-chirpey.debug.xcconfig"; path = "Pods/Target Support Files/Pods-chirpey/Pods-chirpey.debug.xcconfig"; sourceTree = "<group>"; };
		FFD2AA8B2A0C1948CC7BA804 /* Pods-chirpey.release.xcconfig */ = {isa = PBXFileReference; includeInIndex = 1; lastKnownFileType = text.xcconfig; name = "Pods-chirpey.release.xcconfig"; path = "Pods/Target Support Files/Pods-chirpey/Pods-chirpey.release.xcconfig"; sourceTree = "<group>"; };
/* End PBXFileReference section */

/* Begin PBXFrameworksBuildPhase section */
		5669CA871DA7AAA5009EEC3B /* Frameworks */ = {
			isa = PBXFrameworksBuildPhase;
			buildActionMask = 2147483647;
			files = (
				86FD684F0B45881B83674F9A /* libPods-chirpey.a in Frameworks */,
			);
			runOnlyForDeploymentPostprocessing = 0;
		};
		5669CAA01DA7AAA6009EEC3B /* Frameworks */ = {
			isa = PBXFrameworksBuildPhase;
			buildActionMask = 2147483647;
			files = (
			);
			runOnlyForDeploymentPostprocessing = 0;
		};
		5669CAAB1DA7AAA6009EEC3B /* Frameworks */ = {
			isa = PBXFrameworksBuildPhase;
			buildActionMask = 2147483647;
			files = (
			);
			runOnlyForDeploymentPostprocessing = 0;
		};
/* End PBXFrameworksBuildPhase section */

/* Begin PBXGroup section */
		5669CA811DA7AAA5009EEC3B = {
			isa = PBXGroup;
			children = (
				5669CAC51DA7D06A009EEC3B /* synth */,
				5669CA8C1DA7AAA5009EEC3B /* chirpey */,
				5669CAA61DA7AAA6009EEC3B /* chirpeyTests */,
				5669CAB11DA7AAA6009EEC3B /* chirpeyUITests */,
				5669CA8B1DA7AAA5009EEC3B /* Products */,
				ECD38CC913BEDFCD1C8E8868 /* Pods */,
				6FD6EB5C1100142533AD884F /* Frameworks */,
			);
			sourceTree = "<group>";
		};
		5669CA8B1DA7AAA5009EEC3B /* Products */ = {
			isa = PBXGroup;
			children = (
				5669CA8A1DA7AAA5009EEC3B /* chirpey.app */,
				5669CAA31DA7AAA6009EEC3B /* chirpeyTests.xctest */,
				5669CAAE1DA7AAA6009EEC3B /* chirpeyUITests.xctest */,
			);
			name = Products;
			sourceTree = "<group>";
		};
		5669CA8C1DA7AAA5009EEC3B /* chirpey */ = {
			isa = PBXGroup;
			children = (
				56621B0C1DE39D33009B9AB6 /* ChirpPerformance.swift */,
				56621B121DE4A496009B9AB6 /* ChirpView.swift */,
				56621B0E1DE47376009B9AB6 /* AppDelegate.swift */,
				56621B101DE47D5B009B9AB6 /* ChirpJamViewController.swift */,
				56621B141DE73236009B9AB6 /* RecordingTableTableViewController.swift */,
				56621B161DEC27B0009B9AB6 /* PerformanceTableCell.swift */,
				5669CA961DA7AAA6009EEC3B /* Main.storyboard */,
				5669CA991DA7AAA6009EEC3B /* Assets.xcassets */,
				5669CA9B1DA7AAA6009EEC3B /* LaunchScreen.storyboard */,
				5669CA9E1DA7AAA6009EEC3B /* Info.plist */,
				56621B091DE344E2009B9AB6 /* chirpey-Bridging-Header.h */,
				568D1DC31DF995E500A2BC0B /* Settings.bundle */,
			);
			path = chirpey;
			sourceTree = "<group>";
		};
		5669CAA61DA7AAA6009EEC3B /* chirpeyTests */ = {
			isa = PBXGroup;
			children = (
				5669CAA71DA7AAA6009EEC3B /* chirpeyTests.m */,
				5669CAA91DA7AAA6009EEC3B /* Info.plist */,
			);
			path = chirpeyTests;
			sourceTree = "<group>";
		};
		5669CAB11DA7AAA6009EEC3B /* chirpeyUITests */ = {
			isa = PBXGroup;
			children = (
				5669CAB21DA7AAA6009EEC3B /* chirpeyUITests.m */,
				5669CAB41DA7AAA6009EEC3B /* Info.plist */,
			);
			path = chirpeyUITests;
			sourceTree = "<group>";
		};
		5669CAC51DA7D06A009EEC3B /* synth */ = {
			isa = PBXGroup;
			children = (
				565143FC1DFAF11600F56B32 /* pluck~.pd */,
				565143FD1DFAF11600F56B32 /* stringsynth.pd */,
				568D1DC51DF9BEDF00A2BC0B /* drums.pd */,
				568D1DC61DF9BEDF00A2BC0B /* keys.pd */,
				568D1DC71DF9BEDF00A2BC0B /* strings.pd */,
				5669CAC61DA7D06A009EEC3B /* chirp.pd */,
				5669CAC71DA7D06A009EEC3B /* metaPdLibs */,
			);
			path = synth;
			sourceTree = "<group>";
		};
		5669CAC71DA7D06A009EEC3B /* metaPdLibs */ = {
			isa = PBXGroup;
			children = (
				5669CAC81DA7D06A009EEC3B /* control */,
				5669CACE1DA7D06A009EEC3B /* effectschain.pd */,
				5669CACF1DA7D06A009EEC3B /* fx */,
				5669CAD51DA7D06A009EEC3B /* hhm-effects-chain.mmp */,
				5669CAD61DA7D06A009EEC3B /* instruments */,
				5669CADA1DA7D06A009EEC3B /* loadMetaPdLibs.pd */,
				5669CADC1DA7D06A009EEC3B /* scales */,
			);
			path = metaPdLibs;
			sourceTree = "<group>";
		};
		5669CAC81DA7D06A009EEC3B /* control */ = {
			isa = PBXGroup;
			children = (
				565143F81DFAB79E00F56B32 /* adsr.pd */,
				565143F91DFAB79E00F56B32 /* xfade.pd */,
				5669CAC91DA7D06A009EEC3B /* dispatch.pd */,
				5669CACA1DA7D06A009EEC3B /* monopan.pd */,
				5669CACB1DA7D06A009EEC3B /* monovol.pd */,
				5669CACC1DA7D06A009EEC3B /* stereovol.pd */,
				5669CACD1DA7D06A009EEC3B /* volumeRandomise.pd */,
			);
			path = control;
			sourceTree = "<group>";
		};
		5669CACF1DA7D06A009EEC3B /* fx */ = {
			isa = PBXGroup;
			children = (
				5669CAD01DA7D06A009EEC3B /* feedbackdelay.pd */,
				5669CAD11DA7D06A009EEC3B /* graindelay~.pd */,
				5669CAD21DA7D06A009EEC3B /* pitchshift~.pd */,
				5669CAD31DA7D06A009EEC3B /* rev2~.pd */,
				5669CAD41DA7D06A009EEC3B /* rlop~.pd */,
			);
			path = fx;
			sourceTree = "<group>";
		};
		5669CAD61DA7D06A009EEC3B /* instruments */ = {
			isa = PBXGroup;
			children = (
				5669CAD71DA7D06A009EEC3B /* cpmlooper.pd */,
				5669CAD81DA7D06A009EEC3B /* percsampler.pd */,
				5669CAD91DA7D06A009EEC3B /* slicesampler.pd */,
			);
			path = instruments;
			sourceTree = "<group>";
		};
		5669CADC1DA7D06A009EEC3B /* scales */ = {
			isa = PBXGroup;
			children = (
				5669CADD1DA7D06A009EEC3B /* m_lydian.pd */,
				5669CADE1DA7D06A009EEC3B /* m_lydiansharp5.pd */,
				5669CADF1DA7D06A009EEC3B /* m_mixolydian.pd */,
				5669CAE01DA7D06A009EEC3B /* m_phrygian.pd */,
			);
			path = scales;
			sourceTree = "<group>";
		};
		6FD6EB5C1100142533AD884F /* Frameworks */ = {
			isa = PBXGroup;
			children = (
				5D5CD479C0D4E83161A3BD3C /* libPods-chirpey.a */,
			);
			name = Frameworks;
			sourceTree = "<group>";
		};
		ECD38CC913BEDFCD1C8E8868 /* Pods */ = {
			isa = PBXGroup;
			children = (
				BC5F345921BE4B4AE8AB02D6 /* Pods-chirpey.debug.xcconfig */,
				FFD2AA8B2A0C1948CC7BA804 /* Pods-chirpey.release.xcconfig */,
			);
			name = Pods;
			sourceTree = "<group>";
		};
/* End PBXGroup section */

/* Begin PBXNativeTarget section */
		5669CA891DA7AAA5009EEC3B /* chirpey */ = {
			isa = PBXNativeTarget;
			buildConfigurationList = 5669CAB71DA7AAA6009EEC3B /* Build configuration list for PBXNativeTarget "chirpey" */;
			buildPhases = (
				F01540447ACEDE32271625B0 /* Check Pods Manifest.lock */,
				5669CA861DA7AAA5009EEC3B /* Sources */,
				5669CA871DA7AAA5009EEC3B /* Frameworks */,
				5669CA881DA7AAA5009EEC3B /* Resources */,
				57C116FCD17667604EE67A1D /* Embed Pods Frameworks */,
				B7A3E36A172E78DE14B17F3A /* Copy Pods Resources */,
			);
			buildRules = (
			);
			dependencies = (
			);
			name = chirpey;
			productName = chirpey;
			productReference = 5669CA8A1DA7AAA5009EEC3B /* chirpey.app */;
			productType = "com.apple.product-type.application";
		};
		5669CAA21DA7AAA6009EEC3B /* chirpeyTests */ = {
			isa = PBXNativeTarget;
			buildConfigurationList = 5669CABA1DA7AAA6009EEC3B /* Build configuration list for PBXNativeTarget "chirpeyTests" */;
			buildPhases = (
				5669CA9F1DA7AAA6009EEC3B /* Sources */,
				5669CAA01DA7AAA6009EEC3B /* Frameworks */,
				5669CAA11DA7AAA6009EEC3B /* Resources */,
			);
			buildRules = (
			);
			dependencies = (
				5669CAA51DA7AAA6009EEC3B /* PBXTargetDependency */,
			);
			name = chirpeyTests;
			productName = chirpeyTests;
			productReference = 5669CAA31DA7AAA6009EEC3B /* chirpeyTests.xctest */;
			productType = "com.apple.product-type.bundle.unit-test";
		};
		5669CAAD1DA7AAA6009EEC3B /* chirpeyUITests */ = {
			isa = PBXNativeTarget;
			buildConfigurationList = 5669CABD1DA7AAA6009EEC3B /* Build configuration list for PBXNativeTarget "chirpeyUITests" */;
			buildPhases = (
				5669CAAA1DA7AAA6009EEC3B /* Sources */,
				5669CAAB1DA7AAA6009EEC3B /* Frameworks */,
				5669CAAC1DA7AAA6009EEC3B /* Resources */,
			);
			buildRules = (
			);
			dependencies = (
				5669CAB01DA7AAA6009EEC3B /* PBXTargetDependency */,
			);
			name = chirpeyUITests;
			productName = chirpeyUITests;
			productReference = 5669CAAE1DA7AAA6009EEC3B /* chirpeyUITests.xctest */;
			productType = "com.apple.product-type.bundle.ui-testing";
		};
/* End PBXNativeTarget section */

/* Begin PBXProject section */
		5669CA821DA7AAA5009EEC3B /* Project object */ = {
			isa = PBXProject;
			attributes = {
				LastUpgradeCheck = 0810;
				ORGANIZATIONNAME = "Charles Martin";
				TargetAttributes = {
					5669CA891DA7AAA5009EEC3B = {
						CreatedOnToolsVersion = 8.0;
						DevelopmentTeam = EDH387FRHA;
						LastSwiftMigration = 0810;
						ProvisioningStyle = Automatic;
					};
					5669CAA21DA7AAA6009EEC3B = {
						CreatedOnToolsVersion = 8.0;
						DevelopmentTeam = EDH387FRHA;
						ProvisioningStyle = Automatic;
						TestTargetID = 5669CA891DA7AAA5009EEC3B;
					};
					5669CAAD1DA7AAA6009EEC3B = {
						CreatedOnToolsVersion = 8.0;
						DevelopmentTeam = EDH387FRHA;
						ProvisioningStyle = Automatic;
						TestTargetID = 5669CA891DA7AAA5009EEC3B;
					};
				};
			};
			buildConfigurationList = 5669CA851DA7AAA5009EEC3B /* Build configuration list for PBXProject "chirpey" */;
			compatibilityVersion = "Xcode 3.2";
			developmentRegion = English;
			hasScannedForEncodings = 0;
			knownRegions = (
				en,
				Base,
			);
			mainGroup = 5669CA811DA7AAA5009EEC3B;
			productRefGroup = 5669CA8B1DA7AAA5009EEC3B /* Products */;
			projectDirPath = "";
			projectRoot = "";
			targets = (
				5669CA891DA7AAA5009EEC3B /* chirpey */,
				5669CAA21DA7AAA6009EEC3B /* chirpeyTests */,
				5669CAAD1DA7AAA6009EEC3B /* chirpeyUITests */,
			);
		};
/* End PBXProject section */

/* Begin PBXResourcesBuildPhase section */
		5669CA881DA7AAA5009EEC3B /* Resources */ = {
			isa = PBXResourcesBuildPhase;
			buildActionMask = 2147483647;
			files = (
				5669CAF11DA7D06A009EEC3B /* loadMetaPdLibs.pd in Resources */,
				5669CAEF1DA7D06A009EEC3B /* percsampler.pd in Resources */,
				5669CAEC1DA7D06A009EEC3B /* rlop~.pd in Resources */,
				568D1DC91DF9BEDF00A2BC0B /* keys.pd in Resources */,
				565143FE1DFAF11600F56B32 /* pluck~.pd in Resources */,
				5669CAE11DA7D06A009EEC3B /* chirp.pd in Resources */,
				5669CAE51DA7D06A009EEC3B /* stereovol.pd in Resources */,
				5669CAF61DA7D06A009EEC3B /* m_phrygian.pd in Resources */,
				5669CAE21DA7D06A009EEC3B /* dispatch.pd in Resources */,
				5669CAE31DA7D06A009EEC3B /* monopan.pd in Resources */,
				5669CAF51DA7D06A009EEC3B /* m_mixolydian.pd in Resources */,
				5669CAE71DA7D06A009EEC3B /* effectschain.pd in Resources */,
				5669CAF31DA7D06A009EEC3B /* m_lydian.pd in Resources */,
				5669CAE81DA7D06A009EEC3B /* feedbackdelay.pd in Resources */,
				5669CAED1DA7D06A009EEC3B /* hhm-effects-chain.mmp in Resources */,
				5669CAE91DA7D06A009EEC3B /* graindelay~.pd in Resources */,
				5669CAF01DA7D06A009EEC3B /* slicesampler.pd in Resources */,
				5669CAEA1DA7D06A009EEC3B /* pitchshift~.pd in Resources */,
				5669CA9D1DA7AAA6009EEC3B /* LaunchScreen.storyboard in Resources */,
				5669CAE61DA7D06A009EEC3B /* volumeRandomise.pd in Resources */,
				5669CA9A1DA7AAA6009EEC3B /* Assets.xcassets in Resources */,
				565143FB1DFAB79E00F56B32 /* xfade.pd in Resources */,
				5669CAEB1DA7D06A009EEC3B /* rev2~.pd in Resources */,
				5669CA981DA7AAA6009EEC3B /* Main.storyboard in Resources */,
				568D1DCA1DF9BEDF00A2BC0B /* strings.pd in Resources */,
				568D1DC81DF9BEDF00A2BC0B /* drums.pd in Resources */,
				5669CAF41DA7D06A009EEC3B /* m_lydiansharp5.pd in Resources */,
				565143FA1DFAB79E00F56B32 /* adsr.pd in Resources */,
				568D1DC41DF995E500A2BC0B /* Settings.bundle in Resources */,
				565143FF1DFAF11600F56B32 /* stringsynth.pd in Resources */,
				5669CAE41DA7D06A009EEC3B /* monovol.pd in Resources */,
				5669CAEE1DA7D06A009EEC3B /* cpmlooper.pd in Resources */,
			);
			runOnlyForDeploymentPostprocessing = 0;
		};
		5669CAA11DA7AAA6009EEC3B /* Resources */ = {
			isa = PBXResourcesBuildPhase;
			buildActionMask = 2147483647;
			files = (
			);
			runOnlyForDeploymentPostprocessing = 0;
		};
		5669CAAC1DA7AAA6009EEC3B /* Resources */ = {
			isa = PBXResourcesBuildPhase;
			buildActionMask = 2147483647;
			files = (
			);
			runOnlyForDeploymentPostprocessing = 0;
		};
/* End PBXResourcesBuildPhase section */

/* Begin PBXShellScriptBuildPhase section */
		57C116FCD17667604EE67A1D /* Embed Pods Frameworks */ = {
			isa = PBXShellScriptBuildPhase;
			buildActionMask = 2147483647;
			files = (
			);
			inputPaths = (
			);
			name = "Embed Pods Frameworks";
			outputPaths = (
			);
			runOnlyForDeploymentPostprocessing = 0;
			shellPath = /bin/sh;
			shellScript = "\"${SRCROOT}/Pods/Target Support Files/Pods-chirpey/Pods-chirpey-frameworks.sh\"\n";
			showEnvVarsInLog = 0;
		};
		B7A3E36A172E78DE14B17F3A /* Copy Pods Resources */ = {
			isa = PBXShellScriptBuildPhase;
			buildActionMask = 2147483647;
			files = (
			);
			inputPaths = (
			);
			name = "Copy Pods Resources";
			outputPaths = (
			);
			runOnlyForDeploymentPostprocessing = 0;
			shellPath = /bin/sh;
			shellScript = "\"${SRCROOT}/Pods/Target Support Files/Pods-chirpey/Pods-chirpey-resources.sh\"\n";
			showEnvVarsInLog = 0;
		};
		F01540447ACEDE32271625B0 /* Check Pods Manifest.lock */ = {
			isa = PBXShellScriptBuildPhase;
			buildActionMask = 2147483647;
			files = (
			);
			inputPaths = (
			);
			name = "Check Pods Manifest.lock";
			outputPaths = (
			);
			runOnlyForDeploymentPostprocessing = 0;
			shellPath = /bin/sh;
			shellScript = "diff \"${PODS_ROOT}/../Podfile.lock\" \"${PODS_ROOT}/Manifest.lock\" > /dev/null\nif [[ $? != 0 ]] ; then\n    cat << EOM\nerror: The sandbox is not in sync with the Podfile.lock. Run 'pod install' or update your CocoaPods installation.\nEOM\n    exit 1\nfi\n";
			showEnvVarsInLog = 0;
		};
/* End PBXShellScriptBuildPhase section */

/* Begin PBXSourcesBuildPhase section */
		5669CA861DA7AAA5009EEC3B /* Sources */ = {
			isa = PBXSourcesBuildPhase;
			buildActionMask = 2147483647;
			files = (
				56621B111DE47D5B009B9AB6 /* ChirpJamViewController.swift in Sources */,
				56621B0F1DE47376009B9AB6 /* AppDelegate.swift in Sources */,
				56621B131DE4A496009B9AB6 /* ChirpView.swift in Sources */,
				56621B0D1DE39D33009B9AB6 /* ChirpPerformance.swift in Sources */,
				56621B151DE73236009B9AB6 /* RecordingTableTableViewController.swift in Sources */,
				56621B171DEC27B0009B9AB6 /* PerformanceTableCell.swift in Sources */,
			);
			runOnlyForDeploymentPostprocessing = 0;
		};
		5669CA9F1DA7AAA6009EEC3B /* Sources */ = {
			isa = PBXSourcesBuildPhase;
			buildActionMask = 2147483647;
			files = (
				5669CAA81DA7AAA6009EEC3B /* chirpeyTests.m in Sources */,
			);
			runOnlyForDeploymentPostprocessing = 0;
		};
		5669CAAA1DA7AAA6009EEC3B /* Sources */ = {
			isa = PBXSourcesBuildPhase;
			buildActionMask = 2147483647;
			files = (
				5669CAB31DA7AAA6009EEC3B /* chirpeyUITests.m in Sources */,
			);
			runOnlyForDeploymentPostprocessing = 0;
		};
/* End PBXSourcesBuildPhase section */

/* Begin PBXTargetDependency section */
		5669CAA51DA7AAA6009EEC3B /* PBXTargetDependency */ = {
			isa = PBXTargetDependency;
			target = 5669CA891DA7AAA5009EEC3B /* chirpey */;
			targetProxy = 5669CAA41DA7AAA6009EEC3B /* PBXContainerItemProxy */;
		};
		5669CAB01DA7AAA6009EEC3B /* PBXTargetDependency */ = {
			isa = PBXTargetDependency;
			target = 5669CA891DA7AAA5009EEC3B /* chirpey */;
			targetProxy = 5669CAAF1DA7AAA6009EEC3B /* PBXContainerItemProxy */;
		};
/* End PBXTargetDependency section */

/* Begin PBXVariantGroup section */
		5669CA961DA7AAA6009EEC3B /* Main.storyboard */ = {
			isa = PBXVariantGroup;
			children = (
				5669CA971DA7AAA6009EEC3B /* Base */,
			);
			name = Main.storyboard;
			sourceTree = "<group>";
		};
		5669CA9B1DA7AAA6009EEC3B /* LaunchScreen.storyboard */ = {
			isa = PBXVariantGroup;
			children = (
				5669CA9C1DA7AAA6009EEC3B /* Base */,
			);
			name = LaunchScreen.storyboard;
			sourceTree = "<group>";
		};
/* End PBXVariantGroup section */

/* Begin XCBuildConfiguration section */
		5669CAB51DA7AAA6009EEC3B /* Debug */ = {
			isa = XCBuildConfiguration;
			buildSettings = {
				ALWAYS_SEARCH_USER_PATHS = NO;
				CLANG_ANALYZER_NONNULL = YES;
				CLANG_CXX_LANGUAGE_STANDARD = "gnu++0x";
				CLANG_CXX_LIBRARY = "libc++";
				CLANG_ENABLE_MODULES = YES;
				CLANG_ENABLE_OBJC_ARC = YES;
				CLANG_WARN_BOOL_CONVERSION = YES;
				CLANG_WARN_CONSTANT_CONVERSION = YES;
				CLANG_WARN_DIRECT_OBJC_ISA_USAGE = YES_ERROR;
				CLANG_WARN_DOCUMENTATION_COMMENTS = YES;
				CLANG_WARN_EMPTY_BODY = YES;
				CLANG_WARN_ENUM_CONVERSION = YES;
				CLANG_WARN_INFINITE_RECURSION = YES;
				CLANG_WARN_INT_CONVERSION = YES;
				CLANG_WARN_OBJC_ROOT_CLASS = YES_ERROR;
				CLANG_WARN_SUSPICIOUS_MOVE = YES;
				CLANG_WARN_SUSPICIOUS_MOVES = YES;
				CLANG_WARN_UNREACHABLE_CODE = YES;
				CLANG_WARN__DUPLICATE_METHOD_MATCH = YES;
				"CODE_SIGN_IDENTITY[sdk=iphoneos*]" = "iPhone Developer";
				COPY_PHASE_STRIP = NO;
				DEBUG_INFORMATION_FORMAT = dwarf;
				ENABLE_STRICT_OBJC_MSGSEND = YES;
				ENABLE_TESTABILITY = YES;
				GCC_C_LANGUAGE_STANDARD = gnu99;
				GCC_DYNAMIC_NO_PIC = NO;
				GCC_NO_COMMON_BLOCKS = YES;
				GCC_OPTIMIZATION_LEVEL = 0;
				GCC_PREPROCESSOR_DEFINITIONS = (
					"DEBUG=1",
					"$(inherited)",
				);
				GCC_WARN_64_TO_32_BIT_CONVERSION = YES;
				GCC_WARN_ABOUT_RETURN_TYPE = YES_ERROR;
				GCC_WARN_UNDECLARED_SELECTOR = YES;
				GCC_WARN_UNINITIALIZED_AUTOS = YES_AGGRESSIVE;
				GCC_WARN_UNUSED_FUNCTION = YES;
				GCC_WARN_UNUSED_VARIABLE = YES;
				IPHONEOS_DEPLOYMENT_TARGET = 10.0;
				MTL_ENABLE_DEBUG_INFO = YES;
				ONLY_ACTIVE_ARCH = YES;
				SDKROOT = iphoneos;
				TARGETED_DEVICE_FAMILY = "1,2";
			};
			name = Debug;
		};
		5669CAB61DA7AAA6009EEC3B /* Release */ = {
			isa = XCBuildConfiguration;
			buildSettings = {
				ALWAYS_SEARCH_USER_PATHS = NO;
				CLANG_ANALYZER_NONNULL = YES;
				CLANG_CXX_LANGUAGE_STANDARD = "gnu++0x";
				CLANG_CXX_LIBRARY = "libc++";
				CLANG_ENABLE_MODULES = YES;
				CLANG_ENABLE_OBJC_ARC = YES;
				CLANG_WARN_BOOL_CONVERSION = YES;
				CLANG_WARN_CONSTANT_CONVERSION = YES;
				CLANG_WARN_DIRECT_OBJC_ISA_USAGE = YES_ERROR;
				CLANG_WARN_DOCUMENTATION_COMMENTS = YES;
				CLANG_WARN_EMPTY_BODY = YES;
				CLANG_WARN_ENUM_CONVERSION = YES;
				CLANG_WARN_INFINITE_RECURSION = YES;
				CLANG_WARN_INT_CONVERSION = YES;
				CLANG_WARN_OBJC_ROOT_CLASS = YES_ERROR;
				CLANG_WARN_SUSPICIOUS_MOVE = YES;
				CLANG_WARN_SUSPICIOUS_MOVES = YES;
				CLANG_WARN_UNREACHABLE_CODE = YES;
				CLANG_WARN__DUPLICATE_METHOD_MATCH = YES;
				"CODE_SIGN_IDENTITY[sdk=iphoneos*]" = "iPhone Developer";
				COPY_PHASE_STRIP = NO;
				DEBUG_INFORMATION_FORMAT = "dwarf-with-dsym";
				ENABLE_NS_ASSERTIONS = NO;
				ENABLE_STRICT_OBJC_MSGSEND = YES;
				GCC_C_LANGUAGE_STANDARD = gnu99;
				GCC_NO_COMMON_BLOCKS = YES;
				GCC_WARN_64_TO_32_BIT_CONVERSION = YES;
				GCC_WARN_ABOUT_RETURN_TYPE = YES_ERROR;
				GCC_WARN_UNDECLARED_SELECTOR = YES;
				GCC_WARN_UNINITIALIZED_AUTOS = YES_AGGRESSIVE;
				GCC_WARN_UNUSED_FUNCTION = YES;
				GCC_WARN_UNUSED_VARIABLE = YES;
				IPHONEOS_DEPLOYMENT_TARGET = 10.0;
				MTL_ENABLE_DEBUG_INFO = NO;
				SDKROOT = iphoneos;
				TARGETED_DEVICE_FAMILY = "1,2";
				VALIDATE_PRODUCT = YES;
			};
			name = Release;
		};
		5669CAB81DA7AAA6009EEC3B /* Debug */ = {
			isa = XCBuildConfiguration;
			baseConfigurationReference = BC5F345921BE4B4AE8AB02D6 /* Pods-chirpey.debug.xcconfig */;
			buildSettings = {
				ASSETCATALOG_COMPILER_APPICON_NAME = AppIcon;
				CLANG_ENABLE_MODULES = YES;
				DEVELOPMENT_TEAM = EDH387FRHA;
				INFOPLIST_FILE = chirpey/Info.plist;
				LD_RUNPATH_SEARCH_PATHS = "$(inherited) @executable_path/Frameworks";
				PRODUCT_BUNDLE_IDENTIFIER = au.com.charlesmartin.chirpey;
				PRODUCT_NAME = "$(TARGET_NAME)";
				SWIFT_OBJC_BRIDGING_HEADER = "chirpey/chirpey-Bridging-Header.h";
				SWIFT_OPTIMIZATION_LEVEL = "-Onone";
				SWIFT_VERSION = 3.0;
			};
			name = Debug;
		};
		5669CAB91DA7AAA6009EEC3B /* Release */ = {
			isa = XCBuildConfiguration;
			baseConfigurationReference = FFD2AA8B2A0C1948CC7BA804 /* Pods-chirpey.release.xcconfig */;
			buildSettings = {
				ASSETCATALOG_COMPILER_APPICON_NAME = AppIcon;
				CLANG_ENABLE_MODULES = YES;
				DEVELOPMENT_TEAM = EDH387FRHA;
				INFOPLIST_FILE = chirpey/Info.plist;
				LD_RUNPATH_SEARCH_PATHS = "$(inherited) @executable_path/Frameworks";
				PRODUCT_BUNDLE_IDENTIFIER = au.com.charlesmartin.chirpey;
				PRODUCT_NAME = "$(TARGET_NAME)";
				SWIFT_OBJC_BRIDGING_HEADER = "chirpey/chirpey-Bridging-Header.h";
				SWIFT_VERSION = 3.0;
			};
			name = Release;
		};
		5669CABB1DA7AAA6009EEC3B /* Debug */ = {
			isa = XCBuildConfiguration;
			buildSettings = {
				ALWAYS_EMBED_SWIFT_STANDARD_LIBRARIES = YES;
				BUNDLE_LOADER = "$(TEST_HOST)";
				DEVELOPMENT_TEAM = EDH387FRHA;
				INFOPLIST_FILE = chirpeyTests/Info.plist;
				LD_RUNPATH_SEARCH_PATHS = "$(inherited) @executable_path/Frameworks @loader_path/Frameworks";
				PRODUCT_BUNDLE_IDENTIFIER = au.com.charlesmartin.chirpeyTests;
				PRODUCT_NAME = "$(TARGET_NAME)";
				TEST_HOST = "$(BUILT_PRODUCTS_DIR)/chirpey.app/chirpey";
			};
			name = Debug;
		};
		5669CABC1DA7AAA6009EEC3B /* Release */ = {
			isa = XCBuildConfiguration;
			buildSettings = {
				ALWAYS_EMBED_SWIFT_STANDARD_LIBRARIES = YES;
				BUNDLE_LOADER = "$(TEST_HOST)";
				DEVELOPMENT_TEAM = EDH387FRHA;
				INFOPLIST_FILE = chirpeyTests/Info.plist;
				LD_RUNPATH_SEARCH_PATHS = "$(inherited) @executable_path/Frameworks @loader_path/Frameworks";
				PRODUCT_BUNDLE_IDENTIFIER = au.com.charlesmartin.chirpeyTests;
				PRODUCT_NAME = "$(TARGET_NAME)";
				TEST_HOST = "$(BUILT_PRODUCTS_DIR)/chirpey.app/chirpey";
			};
			name = Release;
		};
		5669CABE1DA7AAA6009EEC3B /* Debug */ = {
			isa = XCBuildConfiguration;
			buildSettings = {
				ALWAYS_EMBED_SWIFT_STANDARD_LIBRARIES = YES;
				DEVELOPMENT_TEAM = EDH387FRHA;
				INFOPLIST_FILE = chirpeyUITests/Info.plist;
				LD_RUNPATH_SEARCH_PATHS = "$(inherited) @executable_path/Frameworks @loader_path/Frameworks";
				PRODUCT_BUNDLE_IDENTIFIER = au.com.charlesmartin.chirpeyUITests;
				PRODUCT_NAME = "$(TARGET_NAME)";
				TEST_TARGET_NAME = chirpey;
			};
			name = Debug;
		};
		5669CABF1DA7AAA6009EEC3B /* Release */ = {
			isa = XCBuildConfiguration;
			buildSettings = {
				ALWAYS_EMBED_SWIFT_STANDARD_LIBRARIES = YES;
				DEVELOPMENT_TEAM = EDH387FRHA;
				INFOPLIST_FILE = chirpeyUITests/Info.plist;
				LD_RUNPATH_SEARCH_PATHS = "$(inherited) @executable_path/Frameworks @loader_path/Frameworks";
				PRODUCT_BUNDLE_IDENTIFIER = au.com.charlesmartin.chirpeyUITests;
				PRODUCT_NAME = "$(TARGET_NAME)";
				TEST_TARGET_NAME = chirpey;
			};
			name = Release;
		};
/* End XCBuildConfiguration section */

/* Begin XCConfigurationList section */
		5669CA851DA7AAA5009EEC3B /* Build configuration list for PBXProject "chirpey" */ = {
			isa = XCConfigurationList;
			buildConfigurations = (
				5669CAB51DA7AAA6009EEC3B /* Debug */,
				5669CAB61DA7AAA6009EEC3B /* Release */,
			);
			defaultConfigurationIsVisible = 0;
			defaultConfigurationName = Release;
		};
		5669CAB71DA7AAA6009EEC3B /* Build configuration list for PBXNativeTarget "chirpey" */ = {
			isa = XCConfigurationList;
			buildConfigurations = (
				5669CAB81DA7AAA6009EEC3B /* Debug */,
				5669CAB91DA7AAA6009EEC3B /* Release */,
			);
			defaultConfigurationIsVisible = 0;
			defaultConfigurationName = Release;
		};
		5669CABA1DA7AAA6009EEC3B /* Build configuration list for PBXNativeTarget "chirpeyTests" */ = {
			isa = XCConfigurationList;
			buildConfigurations = (
				5669CABB1DA7AAA6009EEC3B /* Debug */,
				5669CABC1DA7AAA6009EEC3B /* Release */,
			);
			defaultConfigurationIsVisible = 0;
			defaultConfigurationName = Release;
		};
		5669CABD1DA7AAA6009EEC3B /* Build configuration list for PBXNativeTarget "chirpeyUITests" */ = {
			isa = XCConfigurationList;
			buildConfigurations = (
				5669CABE1DA7AAA6009EEC3B /* Debug */,
				5669CABF1DA7AAA6009EEC3B /* Release */,
			);
			defaultConfigurationIsVisible = 0;
			defaultConfigurationName = Release;
		};
/* End XCConfigurationList section */
	};
	rootObject = 5669CA821DA7AAA5009EEC3B /* Project object */;
}
