PODS:
  - InAppSettingsKit (2.8.1)
  - libpd (0.10.0)

DEPENDENCIES:
  - InAppSettingsKit
  - libpd (from `https://github.com/libpd/libpd`)

EXTERNAL SOURCES:
  libpd:
    :git: https://github.com/libpd/libpd
    :submodules: true

CHECKOUT OPTIONS:
  libpd:
    :commit: 1b3df422ba456001ce0a2233d201811cd01468a9
    :git: https://github.com/libpd/libpd
    :submodules: true

SPEC CHECKSUMS:
  InAppSettingsKit: 94d2fba3ccd700fc4e32c6d09fabcc0af2426744
  libpd: c4f8ec7be74d223200052f0736ae02e56b12b9e9

PODFILE CHECKSUM: 0efdc43ed14dc0c99ace03282c851e4fc4a705dd

COCOAPODS: 1.0.0
