PODS:
  - InAppSettingsKit (2.8.1)
  - libpd (0.10.0)
  - UIColor_Hex_Swift (3.0.2)

DEPENDENCIES:
  - InAppSettingsKit
  - libpd (from `https://github.com/libpd/libpd`)
  - UIColor_Hex_Swift (~> 3.0.2)

EXTERNAL SOURCES:
  libpd:
    :git: https://github.com/libpd/libpd
    :submodules: true

CHECKOUT OPTIONS:
  libpd:
    :commit: 1b3df422ba456001ce0a2233d201811cd01468a9
    :git: https://github.com/libpd/libpd
    :submodules: true

SPEC CHECKSUMS:
  InAppSettingsKit: 94d2fba3ccd700fc4e32c6d09fabcc0af2426744
  libpd: c4f8ec7be74d223200052f0736ae02e56b12b9e9
  UIColor_Hex_Swift: 95f718452092a3efc8a827dffd2c04d3237be02d

PODFILE CHECKSUM: 1ff924a8c3e83ee11e9c2cc6e89410cca336a8f1

COCOAPODS: 1.2.0
