// !$*UTF8*$!
{
	archiveVersion = 1;
	classes = {
	};
	objectVersion = 48;
	objects = {

/* Begin PBXBuildFile section */
		077DC2A7E15F1081FBECA3E5 /* Pods_microjamUITests.framework in Frameworks */ = {isa = PBXBuildFile; fileRef = F790C94F468F8D8ACE1123FE /* Pods_microjamUITests.framework */; };
		563E06101EFBE71700F0D471 /* Constants.swift in Sources */ = {isa = PBXBuildFile; fileRef = 563E060F1EFBE71700F0D471 /* Constants.swift */; };
		564A18B41F1B6E650012131E /* MicrojamUITest.swift in Sources */ = {isa = PBXBuildFile; fileRef = 564A18B31F1B6E650012131E /* MicrojamUITest.swift */; };
		565143FA1DFAB79E00F56B32 /* adsr.pd in Resources */ = {isa = PBXBuildFile; fileRef = 565143F81DFAB79E00F56B32 /* adsr.pd */; };
		565143FB1DFAB79E00F56B32 /* xfade.pd in Resources */ = {isa = PBXBuildFile; fileRef = 565143F91DFAB79E00F56B32 /* xfade.pd */; };
		565143FE1DFAF11600F56B32 /* pluck~.pd in Resources */ = {isa = PBXBuildFile; fileRef = 565143FC1DFAF11600F56B32 /* pluck~.pd */; };
		565143FF1DFAF11600F56B32 /* stringsynth.pd in Resources */ = {isa = PBXBuildFile; fileRef = 565143FD1DFAF11600F56B32 /* stringsynth.pd */; };
		565144041DFAF95900F56B32 /* c_ead.pd in Resources */ = {isa = PBXBuildFile; fileRef = 565144001DFAF95900F56B32 /* c_ead.pd */; };
		565144051DFAF95900F56B32 /* e_resonzq.pd in Resources */ = {isa = PBXBuildFile; fileRef = 565144011DFAF95900F56B32 /* e_resonzq.pd */; };
		565144061DFAF95900F56B32 /* s_drumelectro.pd in Resources */ = {isa = PBXBuildFile; fileRef = 565144021DFAF95900F56B32 /* s_drumelectro.pd */; };
		565144071DFAF95900F56B32 /* s_pinknoise.pd in Resources */ = {isa = PBXBuildFile; fileRef = 565144031DFAF95900F56B32 /* s_pinknoise.pd */; };
		5653B9981EC4A05D00A90162 /* quack.pd in Resources */ = {isa = PBXBuildFile; fileRef = 5653B9971EC4A05D00A90162 /* quack.pd */; };
		56621B0D1DE39D33009B9AB6 /* ChirpPerformance.swift in Sources */ = {isa = PBXBuildFile; fileRef = 56621B0C1DE39D33009B9AB6 /* ChirpPerformance.swift */; };
		56621B0F1DE47376009B9AB6 /* AppDelegate.swift in Sources */ = {isa = PBXBuildFile; fileRef = 56621B0E1DE47376009B9AB6 /* AppDelegate.swift */; };
		56621B111DE47D5B009B9AB6 /* ChirpJamViewController.swift in Sources */ = {isa = PBXBuildFile; fileRef = 56621B101DE47D5B009B9AB6 /* ChirpJamViewController.swift */; };
		56621B131DE4A496009B9AB6 /* ChirpView.swift in Sources */ = {isa = PBXBuildFile; fileRef = 56621B121DE4A496009B9AB6 /* ChirpView.swift */; };
		56621B171DEC27B0009B9AB6 /* PerformanceTableCell.swift in Sources */ = {isa = PBXBuildFile; fileRef = 56621B161DEC27B0009B9AB6 /* PerformanceTableCell.swift */; };
		5669CA981DA7AAA6009EEC3B /* Main.storyboard in Resources */ = {isa = PBXBuildFile; fileRef = 5669CA961DA7AAA6009EEC3B /* Main.storyboard */; };
		5669CA9A1DA7AAA6009EEC3B /* Assets.xcassets in Resources */ = {isa = PBXBuildFile; fileRef = 5669CA991DA7AAA6009EEC3B /* Assets.xcassets */; };
		5669CA9D1DA7AAA6009EEC3B /* LaunchScreen.storyboard in Resources */ = {isa = PBXBuildFile; fileRef = 5669CA9B1DA7AAA6009EEC3B /* LaunchScreen.storyboard */; };
		5669CAA81DA7AAA6009EEC3B /* chirpeyTests.m in Sources */ = {isa = PBXBuildFile; fileRef = 5669CAA71DA7AAA6009EEC3B /* chirpeyTests.m */; };
		5669CAE11DA7D06A009EEC3B /* chirp.pd in Resources */ = {isa = PBXBuildFile; fileRef = 5669CAC61DA7D06A009EEC3B /* chirp.pd */; };
		5669CAE21DA7D06A009EEC3B /* dispatch.pd in Resources */ = {isa = PBXBuildFile; fileRef = 5669CAC91DA7D06A009EEC3B /* dispatch.pd */; };
		5669CAE31DA7D06A009EEC3B /* monopan.pd in Resources */ = {isa = PBXBuildFile; fileRef = 5669CACA1DA7D06A009EEC3B /* monopan.pd */; };
		5669CAE41DA7D06A009EEC3B /* monovol.pd in Resources */ = {isa = PBXBuildFile; fileRef = 5669CACB1DA7D06A009EEC3B /* monovol.pd */; };
		5669CAE51DA7D06A009EEC3B /* stereovol.pd in Resources */ = {isa = PBXBuildFile; fileRef = 5669CACC1DA7D06A009EEC3B /* stereovol.pd */; };
		5669CAE61DA7D06A009EEC3B /* volumeRandomise.pd in Resources */ = {isa = PBXBuildFile; fileRef = 5669CACD1DA7D06A009EEC3B /* volumeRandomise.pd */; };
		5669CAE71DA7D06A009EEC3B /* effectschain.pd in Resources */ = {isa = PBXBuildFile; fileRef = 5669CACE1DA7D06A009EEC3B /* effectschain.pd */; };
		5669CAE81DA7D06A009EEC3B /* feedbackdelay.pd in Resources */ = {isa = PBXBuildFile; fileRef = 5669CAD01DA7D06A009EEC3B /* feedbackdelay.pd */; };
		5669CAE91DA7D06A009EEC3B /* graindelay~.pd in Resources */ = {isa = PBXBuildFile; fileRef = 5669CAD11DA7D06A009EEC3B /* graindelay~.pd */; };
		5669CAEA1DA7D06A009EEC3B /* pitchshift~.pd in Resources */ = {isa = PBXBuildFile; fileRef = 5669CAD21DA7D06A009EEC3B /* pitchshift~.pd */; };
		5669CAEB1DA7D06A009EEC3B /* rev2~.pd in Resources */ = {isa = PBXBuildFile; fileRef = 5669CAD31DA7D06A009EEC3B /* rev2~.pd */; };
		5669CAEC1DA7D06A009EEC3B /* rlop~.pd in Resources */ = {isa = PBXBuildFile; fileRef = 5669CAD41DA7D06A009EEC3B /* rlop~.pd */; };
		5669CAED1DA7D06A009EEC3B /* hhm-effects-chain.mmp in Resources */ = {isa = PBXBuildFile; fileRef = 5669CAD51DA7D06A009EEC3B /* hhm-effects-chain.mmp */; };
		5669CAEE1DA7D06A009EEC3B /* cpmlooper.pd in Resources */ = {isa = PBXBuildFile; fileRef = 5669CAD71DA7D06A009EEC3B /* cpmlooper.pd */; };
		5669CAEF1DA7D06A009EEC3B /* percsampler.pd in Resources */ = {isa = PBXBuildFile; fileRef = 5669CAD81DA7D06A009EEC3B /* percsampler.pd */; };
		5669CAF01DA7D06A009EEC3B /* slicesampler.pd in Resources */ = {isa = PBXBuildFile; fileRef = 5669CAD91DA7D06A009EEC3B /* slicesampler.pd */; };
		5669CAF11DA7D06A009EEC3B /* loadMetaPdLibs.pd in Resources */ = {isa = PBXBuildFile; fileRef = 5669CADA1DA7D06A009EEC3B /* loadMetaPdLibs.pd */; };
		5669CAF31DA7D06A009EEC3B /* m_lydian.pd in Resources */ = {isa = PBXBuildFile; fileRef = 5669CADD1DA7D06A009EEC3B /* m_lydian.pd */; };
		5669CAF41DA7D06A009EEC3B /* m_lydiansharp5.pd in Resources */ = {isa = PBXBuildFile; fileRef = 5669CADE1DA7D06A009EEC3B /* m_lydiansharp5.pd */; };
		5669CAF51DA7D06A009EEC3B /* m_mixolydian.pd in Resources */ = {isa = PBXBuildFile; fileRef = 5669CADF1DA7D06A009EEC3B /* m_mixolydian.pd */; };
		5669CAF61DA7D06A009EEC3B /* m_phrygian.pd in Resources */ = {isa = PBXBuildFile; fileRef = 5669CAE01DA7D06A009EEC3B /* m_phrygian.pd */; };
		5669E7A61EF88FD400DEB77D /* wub.pd in Resources */ = {isa = PBXBuildFile; fileRef = 5669E7A51EF88FD400DEB77D /* wub.pd */; };
		567286661E05E0AF0024A515 /* MicrojamTabBarController.swift in Sources */ = {isa = PBXBuildFile; fileRef = 567286651E05E0AF0024A515 /* MicrojamTabBarController.swift */; };
		568D1DC41DF995E500A2BC0B /* Settings.bundle in Resources */ = {isa = PBXBuildFile; fileRef = 568D1DC31DF995E500A2BC0B /* Settings.bundle */; };
		568D1DC81DF9BEDF00A2BC0B /* drums.pd in Resources */ = {isa = PBXBuildFile; fileRef = 568D1DC51DF9BEDF00A2BC0B /* drums.pd */; };
		568D1DC91DF9BEDF00A2BC0B /* keys.pd in Resources */ = {isa = PBXBuildFile; fileRef = 568D1DC61DF9BEDF00A2BC0B /* keys.pd */; };
		568D1DCA1DF9BEDF00A2BC0B /* strings.pd in Resources */ = {isa = PBXBuildFile; fileRef = 568D1DC71DF9BEDF00A2BC0B /* strings.pd */; };
		569B92C41DFEA99C00AA257C /* SettingsTableViewController.swift in Sources */ = {isa = PBXBuildFile; fileRef = 569B92C31DFEA99C00AA257C /* SettingsTableViewController.swift */; };
		56B329E51E44834E001345DC /* WorldJamsTableViewController.swift in Sources */ = {isa = PBXBuildFile; fileRef = 56B329E41E44834D001345DC /* WorldJamsTableViewController.swift */; };
		56C88E801DFEFD8200406BF0 /* CloudKit.framework in Frameworks */ = {isa = PBXBuildFile; fileRef = 56C88E7F1DFEFD8200406BF0 /* CloudKit.framework */; };
		56D2C6EE1E65ADE100E3D14F /* UserNameChooserViewController.swift in Sources */ = {isa = PBXBuildFile; fileRef = 56D2C6ED1E65ADE100E3D14F /* UserNameChooserViewController.swift */; };
		798119EB716DF4238044D3D4 /* Pods_microjam.framework in Frameworks */ = {isa = PBXBuildFile; fileRef = 63C4E84624B83BA18A354CA2 /* Pods_microjam.framework */; };
		A09F5669ECC4CFA6138A6CB1 /* Pods_microjamTests.framework in Frameworks */ = {isa = PBXBuildFile; fileRef = 29CA87DDE5853DCDE258268C /* Pods_microjamTests.framework */; };
/* End PBXBuildFile section */

/* Begin PBXContainerItemProxy section */
		5669CAA41DA7AAA6009EEC3B /* PBXContainerItemProxy */ = {
			isa = PBXContainerItemProxy;
			containerPortal = 5669CA821DA7AAA5009EEC3B /* Project object */;
			proxyType = 1;
			remoteGlobalIDString = 5669CA891DA7AAA5009EEC3B;
			remoteInfo = chirpey;
		};
		5669CAAF1DA7AAA6009EEC3B /* PBXContainerItemProxy */ = {
			isa = PBXContainerItemProxy;
			containerPortal = 5669CA821DA7AAA5009EEC3B /* Project object */;
			proxyType = 1;
			remoteGlobalIDString = 5669CA891DA7AAA5009EEC3B;
			remoteInfo = chirpey;
		};
/* End PBXContainerItemProxy section */

/* Begin PBXFileReference section */
		00573D39F924B0D7657A9E03 /* Pods-microjam.release.xcconfig */ = {isa = PBXFileReference; includeInIndex = 1; lastKnownFileType = text.xcconfig; name = "Pods-microjam.release.xcconfig"; path = "Pods/Target Support Files/Pods-microjam/Pods-microjam.release.xcconfig"; sourceTree = "<group>"; };
		22EF216AB0EBA76631614175 /* Pods-microjamTests.debug.xcconfig */ = {isa = PBXFileReference; includeInIndex = 1; lastKnownFileType = text.xcconfig; name = "Pods-microjamTests.debug.xcconfig"; path = "Pods/Target Support Files/Pods-microjamTests/Pods-microjamTests.debug.xcconfig"; sourceTree = "<group>"; };
		29CA87DDE5853DCDE258268C /* Pods_microjamTests.framework */ = {isa = PBXFileReference; explicitFileType = wrapper.framework; includeInIndex = 0; path = Pods_microjamTests.framework; sourceTree = BUILT_PRODUCTS_DIR; };
		4B8432CAAE36EBBE2D19F96D /* Pods-microjamUITests.release.xcconfig */ = {isa = PBXFileReference; includeInIndex = 1; lastKnownFileType = text.xcconfig; name = "Pods-microjamUITests.release.xcconfig"; path = "Pods/Target Support Files/Pods-microjamUITests/Pods-microjamUITests.release.xcconfig"; sourceTree = "<group>"; };
		542B447A7B9AE8AC7B6CE3BB /* Pods-microjamTests.release.xcconfig */ = {isa = PBXFileReference; includeInIndex = 1; lastKnownFileType = text.xcconfig; name = "Pods-microjamTests.release.xcconfig"; path = "Pods/Target Support Files/Pods-microjamTests/Pods-microjamTests.release.xcconfig"; sourceTree = "<group>"; };
		563E060F1EFBE71700F0D471 /* Constants.swift */ = {isa = PBXFileReference; fileEncoding = 4; lastKnownFileType = sourcecode.swift; path = Constants.swift; sourceTree = "<group>"; };
		564A18B31F1B6E650012131E /* MicrojamUITest.swift */ = {isa = PBXFileReference; fileEncoding = 4; lastKnownFileType = sourcecode.swift; path = MicrojamUITest.swift; sourceTree = "<group>"; };
		565143F81DFAB79E00F56B32 /* adsr.pd */ = {isa = PBXFileReference; fileEncoding = 4; lastKnownFileType = text; path = adsr.pd; sourceTree = "<group>"; };
		565143F91DFAB79E00F56B32 /* xfade.pd */ = {isa = PBXFileReference; fileEncoding = 4; lastKnownFileType = text; path = xfade.pd; sourceTree = "<group>"; };
		565143FC1DFAF11600F56B32 /* pluck~.pd */ = {isa = PBXFileReference; fileEncoding = 4; lastKnownFileType = text; path = "pluck~.pd"; sourceTree = "<group>"; };
		565143FD1DFAF11600F56B32 /* stringsynth.pd */ = {isa = PBXFileReference; fileEncoding = 4; lastKnownFileType = text; path = stringsynth.pd; sourceTree = "<group>"; };
		565144001DFAF95900F56B32 /* c_ead.pd */ = {isa = PBXFileReference; fileEncoding = 4; lastKnownFileType = text; path = c_ead.pd; sourceTree = "<group>"; };
		565144011DFAF95900F56B32 /* e_resonzq.pd */ = {isa = PBXFileReference; fileEncoding = 4; lastKnownFileType = text; path = e_resonzq.pd; sourceTree = "<group>"; };
		565144021DFAF95900F56B32 /* s_drumelectro.pd */ = {isa = PBXFileReference; fileEncoding = 4; lastKnownFileType = text; path = s_drumelectro.pd; sourceTree = "<group>"; };
		565144031DFAF95900F56B32 /* s_pinknoise.pd */ = {isa = PBXFileReference; fileEncoding = 4; lastKnownFileType = text; path = s_pinknoise.pd; sourceTree = "<group>"; };
		5653B9971EC4A05D00A90162 /* quack.pd */ = {isa = PBXFileReference; fileEncoding = 4; lastKnownFileType = text; path = quack.pd; sourceTree = "<group>"; };
		56621B091DE344E2009B9AB6 /* chirpey-Bridging-Header.h */ = {isa = PBXFileReference; lastKnownFileType = sourcecode.c.h; path = "chirpey-Bridging-Header.h"; sourceTree = "<group>"; };
		56621B0C1DE39D33009B9AB6 /* ChirpPerformance.swift */ = {isa = PBXFileReference; fileEncoding = 4; lastKnownFileType = sourcecode.swift; path = ChirpPerformance.swift; sourceTree = "<group>"; };
		56621B0E1DE47376009B9AB6 /* AppDelegate.swift */ = {isa = PBXFileReference; fileEncoding = 4; lastKnownFileType = sourcecode.swift; path = AppDelegate.swift; sourceTree = "<group>"; };
		56621B101DE47D5B009B9AB6 /* ChirpJamViewController.swift */ = {isa = PBXFileReference; fileEncoding = 4; lastKnownFileType = sourcecode.swift; path = ChirpJamViewController.swift; sourceTree = "<group>"; };
		56621B121DE4A496009B9AB6 /* ChirpView.swift */ = {isa = PBXFileReference; fileEncoding = 4; lastKnownFileType = sourcecode.swift; path = ChirpView.swift; sourceTree = "<group>"; };
		56621B161DEC27B0009B9AB6 /* PerformanceTableCell.swift */ = {isa = PBXFileReference; fileEncoding = 4; lastKnownFileType = sourcecode.swift; path = PerformanceTableCell.swift; sourceTree = "<group>"; };
		5669CA8A1DA7AAA5009EEC3B /* microjam.app */ = {isa = PBXFileReference; explicitFileType = wrapper.application; includeInIndex = 0; path = microjam.app; sourceTree = BUILT_PRODUCTS_DIR; };
		5669CA971DA7AAA6009EEC3B /* Base */ = {isa = PBXFileReference; lastKnownFileType = file.storyboard; name = Base; path = Base.lproj/Main.storyboard; sourceTree = "<group>"; };
		5669CA991DA7AAA6009EEC3B /* Assets.xcassets */ = {isa = PBXFileReference; lastKnownFileType = folder.assetcatalog; path = Assets.xcassets; sourceTree = "<group>"; };
		5669CA9C1DA7AAA6009EEC3B /* Base */ = {isa = PBXFileReference; lastKnownFileType = file.storyboard; name = Base; path = Base.lproj/LaunchScreen.storyboard; sourceTree = "<group>"; };
		5669CA9E1DA7AAA6009EEC3B /* Info.plist */ = {isa = PBXFileReference; lastKnownFileType = text.plist.xml; path = Info.plist; sourceTree = "<group>"; };
		5669CAA31DA7AAA6009EEC3B /* microjamTests.xctest */ = {isa = PBXFileReference; explicitFileType = wrapper.cfbundle; includeInIndex = 0; path = microjamTests.xctest; sourceTree = BUILT_PRODUCTS_DIR; };
		5669CAA71DA7AAA6009EEC3B /* chirpeyTests.m */ = {isa = PBXFileReference; lastKnownFileType = sourcecode.c.objc; path = chirpeyTests.m; sourceTree = "<group>"; };
		5669CAA91DA7AAA6009EEC3B /* Info.plist */ = {isa = PBXFileReference; lastKnownFileType = text.plist.xml; path = Info.plist; sourceTree = "<group>"; };
		5669CAAE1DA7AAA6009EEC3B /* microjamUITests.xctest */ = {isa = PBXFileReference; explicitFileType = wrapper.cfbundle; includeInIndex = 0; path = microjamUITests.xctest; sourceTree = BUILT_PRODUCTS_DIR; };
		5669CAB41DA7AAA6009EEC3B /* Info.plist */ = {isa = PBXFileReference; lastKnownFileType = text.plist.xml; path = Info.plist; sourceTree = "<group>"; };
		5669CAC61DA7D06A009EEC3B /* chirp.pd */ = {isa = PBXFileReference; fileEncoding = 4; lastKnownFileType = text; path = chirp.pd; sourceTree = "<group>"; };
		5669CAC91DA7D06A009EEC3B /* dispatch.pd */ = {isa = PBXFileReference; fileEncoding = 4; lastKnownFileType = text; path = dispatch.pd; sourceTree = "<group>"; };
		5669CACA1DA7D06A009EEC3B /* monopan.pd */ = {isa = PBXFileReference; fileEncoding = 4; lastKnownFileType = text; path = monopan.pd; sourceTree = "<group>"; };
		5669CACB1DA7D06A009EEC3B /* monovol.pd */ = {isa = PBXFileReference; fileEncoding = 4; lastKnownFileType = text; path = monovol.pd; sourceTree = "<group>"; };
		5669CACC1DA7D06A009EEC3B /* stereovol.pd */ = {isa = PBXFileReference; fileEncoding = 4; lastKnownFileType = text; path = stereovol.pd; sourceTree = "<group>"; };
		5669CACD1DA7D06A009EEC3B /* volumeRandomise.pd */ = {isa = PBXFileReference; fileEncoding = 4; lastKnownFileType = text; path = volumeRandomise.pd; sourceTree = "<group>"; };
		5669CACE1DA7D06A009EEC3B /* effectschain.pd */ = {isa = PBXFileReference; fileEncoding = 4; lastKnownFileType = text; path = effectschain.pd; sourceTree = "<group>"; };
		5669CAD01DA7D06A009EEC3B /* feedbackdelay.pd */ = {isa = PBXFileReference; fileEncoding = 4; lastKnownFileType = text; path = feedbackdelay.pd; sourceTree = "<group>"; };
		5669CAD11DA7D06A009EEC3B /* graindelay~.pd */ = {isa = PBXFileReference; fileEncoding = 4; lastKnownFileType = text; path = "graindelay~.pd"; sourceTree = "<group>"; };
		5669CAD21DA7D06A009EEC3B /* pitchshift~.pd */ = {isa = PBXFileReference; fileEncoding = 4; lastKnownFileType = text; path = "pitchshift~.pd"; sourceTree = "<group>"; };
		5669CAD31DA7D06A009EEC3B /* rev2~.pd */ = {isa = PBXFileReference; fileEncoding = 4; lastKnownFileType = text; path = "rev2~.pd"; sourceTree = "<group>"; };
		5669CAD41DA7D06A009EEC3B /* rlop~.pd */ = {isa = PBXFileReference; fileEncoding = 4; lastKnownFileType = text; path = "rlop~.pd"; sourceTree = "<group>"; };
		5669CAD51DA7D06A009EEC3B /* hhm-effects-chain.mmp */ = {isa = PBXFileReference; fileEncoding = 4; lastKnownFileType = text; path = "hhm-effects-chain.mmp"; sourceTree = "<group>"; };
		5669CAD71DA7D06A009EEC3B /* cpmlooper.pd */ = {isa = PBXFileReference; fileEncoding = 4; lastKnownFileType = text; path = cpmlooper.pd; sourceTree = "<group>"; };
		5669CAD81DA7D06A009EEC3B /* percsampler.pd */ = {isa = PBXFileReference; fileEncoding = 4; lastKnownFileType = text; path = percsampler.pd; sourceTree = "<group>"; };
		5669CAD91DA7D06A009EEC3B /* slicesampler.pd */ = {isa = PBXFileReference; fileEncoding = 4; lastKnownFileType = text; path = slicesampler.pd; sourceTree = "<group>"; };
		5669CADA1DA7D06A009EEC3B /* loadMetaPdLibs.pd */ = {isa = PBXFileReference; fileEncoding = 4; lastKnownFileType = text; path = loadMetaPdLibs.pd; sourceTree = "<group>"; };
		5669CADD1DA7D06A009EEC3B /* m_lydian.pd */ = {isa = PBXFileReference; fileEncoding = 4; lastKnownFileType = text; path = m_lydian.pd; sourceTree = "<group>"; };
		5669CADE1DA7D06A009EEC3B /* m_lydiansharp5.pd */ = {isa = PBXFileReference; fileEncoding = 4; lastKnownFileType = text; path = m_lydiansharp5.pd; sourceTree = "<group>"; };
		5669CADF1DA7D06A009EEC3B /* m_mixolydian.pd */ = {isa = PBXFileReference; fileEncoding = 4; lastKnownFileType = text; path = m_mixolydian.pd; sourceTree = "<group>"; };
		5669CAE01DA7D06A009EEC3B /* m_phrygian.pd */ = {isa = PBXFileReference; fileEncoding = 4; lastKnownFileType = text; path = m_phrygian.pd; sourceTree = "<group>"; };
		5669E7A51EF88FD400DEB77D /* wub.pd */ = {isa = PBXFileReference; fileEncoding = 4; lastKnownFileType = text; path = wub.pd; sourceTree = "<group>"; };
		567286651E05E0AF0024A515 /* MicrojamTabBarController.swift */ = {isa = PBXFileReference; fileEncoding = 4; lastKnownFileType = sourcecode.swift; path = MicrojamTabBarController.swift; sourceTree = "<group>"; };
		568D1DC31DF995E500A2BC0B /* Settings.bundle */ = {isa = PBXFileReference; lastKnownFileType = "wrapper.plug-in"; path = Settings.bundle; sourceTree = "<group>"; };
		568D1DC51DF9BEDF00A2BC0B /* drums.pd */ = {isa = PBXFileReference; fileEncoding = 4; lastKnownFileType = text; path = drums.pd; sourceTree = "<group>"; };
		568D1DC61DF9BEDF00A2BC0B /* keys.pd */ = {isa = PBXFileReference; fileEncoding = 4; lastKnownFileType = text; path = keys.pd; sourceTree = "<group>"; };
		568D1DC71DF9BEDF00A2BC0B /* strings.pd */ = {isa = PBXFileReference; fileEncoding = 4; lastKnownFileType = text; path = strings.pd; sourceTree = "<group>"; };
		569B92C31DFEA99C00AA257C /* SettingsTableViewController.swift */ = {isa = PBXFileReference; fileEncoding = 4; lastKnownFileType = sourcecode.swift; path = SettingsTableViewController.swift; sourceTree = "<group>"; };
		56B329E41E44834D001345DC /* WorldJamsTableViewController.swift */ = {isa = PBXFileReference; fileEncoding = 4; lastKnownFileType = sourcecode.swift; path = WorldJamsTableViewController.swift; sourceTree = "<group>"; };
		56C88E7E1DFEFD7200406BF0 /* microjam.entitlements */ = {isa = PBXFileReference; lastKnownFileType = text.plist.entitlements; path = microjam.entitlements; sourceTree = "<group>"; };
		56C88E7F1DFEFD8200406BF0 /* CloudKit.framework */ = {isa = PBXFileReference; lastKnownFileType = wrapper.framework; name = CloudKit.framework; path = System/Library/Frameworks/CloudKit.framework; sourceTree = SDKROOT; };
		56D2C6ED1E65ADE100E3D14F /* UserNameChooserViewController.swift */ = {isa = PBXFileReference; fileEncoding = 4; lastKnownFileType = sourcecode.swift; path = UserNameChooserViewController.swift; sourceTree = "<group>"; };
		63C4E84624B83BA18A354CA2 /* Pods_microjam.framework */ = {isa = PBXFileReference; explicitFileType = wrapper.framework; includeInIndex = 0; path = Pods_microjam.framework; sourceTree = BUILT_PRODUCTS_DIR; };
		7E59A152461FB44F2E21DD12 /* Pods-microjamUITests.debug.xcconfig */ = {isa = PBXFileReference; includeInIndex = 1; lastKnownFileType = text.xcconfig; name = "Pods-microjamUITests.debug.xcconfig"; path = "Pods/Target Support Files/Pods-microjamUITests/Pods-microjamUITests.debug.xcconfig"; sourceTree = "<group>"; };
		F790C94F468F8D8ACE1123FE /* Pods_microjamUITests.framework */ = {isa = PBXFileReference; explicitFileType = wrapper.framework; includeInIndex = 0; path = Pods_microjamUITests.framework; sourceTree = BUILT_PRODUCTS_DIR; };
		FE829FC465E73CC5B1EA0153 /* Pods-microjam.debug.xcconfig */ = {isa = PBXFileReference; includeInIndex = 1; lastKnownFileType = text.xcconfig; name = "Pods-microjam.debug.xcconfig"; path = "Pods/Target Support Files/Pods-microjam/Pods-microjam.debug.xcconfig"; sourceTree = "<group>"; };
/* End PBXFileReference section */

/* Begin PBXFrameworksBuildPhase section */
		5669CA871DA7AAA5009EEC3B /* Frameworks */ = {
			isa = PBXFrameworksBuildPhase;
			buildActionMask = 2147483647;
			files = (
				56C88E801DFEFD8200406BF0 /* CloudKit.framework in Frameworks */,
				798119EB716DF4238044D3D4 /* Pods_microjam.framework in Frameworks */,
			);
			runOnlyForDeploymentPostprocessing = 0;
		};
		5669CAA01DA7AAA6009EEC3B /* Frameworks */ = {
			isa = PBXFrameworksBuildPhase;
			buildActionMask = 2147483647;
			files = (
				A09F5669ECC4CFA6138A6CB1 /* Pods_microjamTests.framework in Frameworks */,
			);
			runOnlyForDeploymentPostprocessing = 0;
		};
		5669CAAB1DA7AAA6009EEC3B /* Frameworks */ = {
			isa = PBXFrameworksBuildPhase;
			buildActionMask = 2147483647;
			files = (
				077DC2A7E15F1081FBECA3E5 /* Pods_microjamUITests.framework in Frameworks */,
			);
			runOnlyForDeploymentPostprocessing = 0;
		};
/* End PBXFrameworksBuildPhase section */

/* Begin PBXGroup section */
		37B82C17ADD34A6423FC8D08 /* Frameworks */ = {
			isa = PBXGroup;
			children = (
				56C88E7F1DFEFD8200406BF0 /* CloudKit.framework */,
				63C4E84624B83BA18A354CA2 /* Pods_microjam.framework */,
				29CA87DDE5853DCDE258268C /* Pods_microjamTests.framework */,
				F790C94F468F8D8ACE1123FE /* Pods_microjamUITests.framework */,
			);
			name = Frameworks;
			sourceTree = "<group>";
		};
		5669CA811DA7AAA5009EEC3B = {
			isa = PBXGroup;
			children = (
				56C88E7E1DFEFD7200406BF0 /* microjam.entitlements */,
				5669CAC51DA7D06A009EEC3B /* synth */,
				5669CA8C1DA7AAA5009EEC3B /* chirpey */,
				5669CAA61DA7AAA6009EEC3B /* chirpeyTests */,
				5669CAB11DA7AAA6009EEC3B /* chirpeyUITests */,
				5669CA8B1DA7AAA5009EEC3B /* Products */,
				A84F68A69B4F57615CCB0C2D /* Pods */,
				37B82C17ADD34A6423FC8D08 /* Frameworks */,
			);
			sourceTree = "<group>";
		};
		5669CA8B1DA7AAA5009EEC3B /* Products */ = {
			isa = PBXGroup;
			children = (
				5669CA8A1DA7AAA5009EEC3B /* microjam.app */,
				5669CAA31DA7AAA6009EEC3B /* microjamTests.xctest */,
				5669CAAE1DA7AAA6009EEC3B /* microjamUITests.xctest */,
			);
			name = Products;
			sourceTree = "<group>";
		};
		5669CA8C1DA7AAA5009EEC3B /* chirpey */ = {
			isa = PBXGroup;
			children = (
				56621B0C1DE39D33009B9AB6 /* ChirpPerformance.swift */,
				56621B121DE4A496009B9AB6 /* ChirpView.swift */,
				56621B0E1DE47376009B9AB6 /* AppDelegate.swift */,
				56D2C6ED1E65ADE100E3D14F /* UserNameChooserViewController.swift */,
				56621B101DE47D5B009B9AB6 /* ChirpJamViewController.swift */,
				56B329E41E44834D001345DC /* WorldJamsTableViewController.swift */,
				56621B161DEC27B0009B9AB6 /* PerformanceTableCell.swift */,
				569B92C31DFEA99C00AA257C /* SettingsTableViewController.swift */,
				5669CA961DA7AAA6009EEC3B /* Main.storyboard */,
				567286651E05E0AF0024A515 /* MicrojamTabBarController.swift */,
				5669CA991DA7AAA6009EEC3B /* Assets.xcassets */,
				5669CA9B1DA7AAA6009EEC3B /* LaunchScreen.storyboard */,
				5669CA9E1DA7AAA6009EEC3B /* Info.plist */,
				56621B091DE344E2009B9AB6 /* chirpey-Bridging-Header.h */,
				568D1DC31DF995E500A2BC0B /* Settings.bundle */,
				563E060F1EFBE71700F0D471 /* Constants.swift */,
			);
			path = chirpey;
			sourceTree = "<group>";
		};
		5669CAA61DA7AAA6009EEC3B /* chirpeyTests */ = {
			isa = PBXGroup;
			children = (
				5669CAA71DA7AAA6009EEC3B /* chirpeyTests.m */,
				5669CAA91DA7AAA6009EEC3B /* Info.plist */,
			);
			path = chirpeyTests;
			sourceTree = "<group>";
		};
		5669CAB11DA7AAA6009EEC3B /* chirpeyUITests */ = {
			isa = PBXGroup;
			children = (
				564A18B31F1B6E650012131E /* MicrojamUITest.swift */,
				5669CAB41DA7AAA6009EEC3B /* Info.plist */,
			);
			path = chirpeyUITests;
			sourceTree = "<group>";
		};
		5669CAC51DA7D06A009EEC3B /* synth */ = {
			isa = PBXGroup;
			children = (
				5669E7A51EF88FD400DEB77D /* wub.pd */,
				565143FC1DFAF11600F56B32 /* pluck~.pd */,
				565143FD1DFAF11600F56B32 /* stringsynth.pd */,
				565144001DFAF95900F56B32 /* c_ead.pd */,
				565144011DFAF95900F56B32 /* e_resonzq.pd */,
				565144021DFAF95900F56B32 /* s_drumelectro.pd */,
				565144031DFAF95900F56B32 /* s_pinknoise.pd */,
				568D1DC51DF9BEDF00A2BC0B /* drums.pd */,
				568D1DC61DF9BEDF00A2BC0B /* keys.pd */,
				5653B9971EC4A05D00A90162 /* quack.pd */,
				568D1DC71DF9BEDF00A2BC0B /* strings.pd */,
				5669CAC61DA7D06A009EEC3B /* chirp.pd */,
				5669CAC71DA7D06A009EEC3B /* metaPdLibs */,
			);
			path = synth;
			sourceTree = "<group>";
		};
		5669CAC71DA7D06A009EEC3B /* metaPdLibs */ = {
			isa = PBXGroup;
			children = (
				5669CAC81DA7D06A009EEC3B /* control */,
				5669CACE1DA7D06A009EEC3B /* effectschain.pd */,
				5669CACF1DA7D06A009EEC3B /* fx */,
				5669CAD51DA7D06A009EEC3B /* hhm-effects-chain.mmp */,
				5669CAD61DA7D06A009EEC3B /* instruments */,
				5669CADA1DA7D06A009EEC3B /* loadMetaPdLibs.pd */,
				5669CADC1DA7D06A009EEC3B /* scales */,
			);
			path = metaPdLibs;
			sourceTree = "<group>";
		};
		5669CAC81DA7D06A009EEC3B /* control */ = {
			isa = PBXGroup;
			children = (
				565143F81DFAB79E00F56B32 /* adsr.pd */,
				565143F91DFAB79E00F56B32 /* xfade.pd */,
				5669CAC91DA7D06A009EEC3B /* dispatch.pd */,
				5669CACA1DA7D06A009EEC3B /* monopan.pd */,
				5669CACB1DA7D06A009EEC3B /* monovol.pd */,
				5669CACC1DA7D06A009EEC3B /* stereovol.pd */,
				5669CACD1DA7D06A009EEC3B /* volumeRandomise.pd */,
			);
			path = control;
			sourceTree = "<group>";
		};
		5669CACF1DA7D06A009EEC3B /* fx */ = {
			isa = PBXGroup;
			children = (
				5669CAD01DA7D06A009EEC3B /* feedbackdelay.pd */,
				5669CAD11DA7D06A009EEC3B /* graindelay~.pd */,
				5669CAD21DA7D06A009EEC3B /* pitchshift~.pd */,
				5669CAD31DA7D06A009EEC3B /* rev2~.pd */,
				5669CAD41DA7D06A009EEC3B /* rlop~.pd */,
			);
			path = fx;
			sourceTree = "<group>";
		};
		5669CAD61DA7D06A009EEC3B /* instruments */ = {
			isa = PBXGroup;
			children = (
				5669CAD71DA7D06A009EEC3B /* cpmlooper.pd */,
				5669CAD81DA7D06A009EEC3B /* percsampler.pd */,
				5669CAD91DA7D06A009EEC3B /* slicesampler.pd */,
			);
			path = instruments;
			sourceTree = "<group>";
		};
		5669CADC1DA7D06A009EEC3B /* scales */ = {
			isa = PBXGroup;
			children = (
				5669CADD1DA7D06A009EEC3B /* m_lydian.pd */,
				5669CADE1DA7D06A009EEC3B /* m_lydiansharp5.pd */,
				5669CADF1DA7D06A009EEC3B /* m_mixolydian.pd */,
				5669CAE01DA7D06A009EEC3B /* m_phrygian.pd */,
			);
			path = scales;
			sourceTree = "<group>";
		};
		A84F68A69B4F57615CCB0C2D /* Pods */ = {
			isa = PBXGroup;
			children = (
				FE829FC465E73CC5B1EA0153 /* Pods-microjam.debug.xcconfig */,
				00573D39F924B0D7657A9E03 /* Pods-microjam.release.xcconfig */,
				22EF216AB0EBA76631614175 /* Pods-microjamTests.debug.xcconfig */,
				542B447A7B9AE8AC7B6CE3BB /* Pods-microjamTests.release.xcconfig */,
				7E59A152461FB44F2E21DD12 /* Pods-microjamUITests.debug.xcconfig */,
				4B8432CAAE36EBBE2D19F96D /* Pods-microjamUITests.release.xcconfig */,
			);
			name = Pods;
			sourceTree = "<group>";
		};
/* End PBXGroup section */

/* Begin PBXNativeTarget section */
		5669CA891DA7AAA5009EEC3B /* microjam */ = {
			isa = PBXNativeTarget;
			buildConfigurationList = 5669CAB71DA7AAA6009EEC3B /* Build configuration list for PBXNativeTarget "microjam" */;
			buildPhases = (
				0A0A2652E180D722C3BD7ADF /* [CP] Check Pods Manifest.lock */,
				5669CA861DA7AAA5009EEC3B /* Sources */,
				5669CA871DA7AAA5009EEC3B /* Frameworks */,
				5669CA881DA7AAA5009EEC3B /* Resources */,
				A21D99AE4216398EA3976BE4 /* [CP] Embed Pods Frameworks */,
				656B9944E165287844F8398C /* [CP] Copy Pods Resources */,
			);
			buildRules = (
			);
			dependencies = (
			);
			name = microjam;
			productName = chirpey;
			productReference = 5669CA8A1DA7AAA5009EEC3B /* microjam.app */;
			productType = "com.apple.product-type.application";
		};
		5669CAA21DA7AAA6009EEC3B /* microjamTests */ = {
			isa = PBXNativeTarget;
			buildConfigurationList = 5669CABA1DA7AAA6009EEC3B /* Build configuration list for PBXNativeTarget "microjamTests" */;
			buildPhases = (
				9EABFC6289D6966467CB8F5D /* [CP] Check Pods Manifest.lock */,
				5669CA9F1DA7AAA6009EEC3B /* Sources */,
				5669CAA01DA7AAA6009EEC3B /* Frameworks */,
				5669CAA11DA7AAA6009EEC3B /* Resources */,
				056BF6F9E23FE1004CCB7397 /* [CP] Embed Pods Frameworks */,
				CB9C8179A6891BA8BE27164F /* [CP] Copy Pods Resources */,
			);
			buildRules = (
			);
			dependencies = (
				5669CAA51DA7AAA6009EEC3B /* PBXTargetDependency */,
			);
			name = microjamTests;
			productName = chirpeyTests;
			productReference = 5669CAA31DA7AAA6009EEC3B /* microjamTests.xctest */;
			productType = "com.apple.product-type.bundle.unit-test";
		};
		5669CAAD1DA7AAA6009EEC3B /* microjamUITests */ = {
			isa = PBXNativeTarget;
			buildConfigurationList = 5669CABD1DA7AAA6009EEC3B /* Build configuration list for PBXNativeTarget "microjamUITests" */;
			buildPhases = (
				AA973E5001E33B3F25768328 /* [CP] Check Pods Manifest.lock */,
				5669CAAA1DA7AAA6009EEC3B /* Sources */,
				5669CAAB1DA7AAA6009EEC3B /* Frameworks */,
				5669CAAC1DA7AAA6009EEC3B /* Resources */,
				577645B447972BCADCDB618D /* [CP] Copy Pods Resources */,
				FEAF0C809C4FF566B1993F02 /* [CP] Embed Pods Frameworks */,
			);
			buildRules = (
			);
			dependencies = (
				5669CAB01DA7AAA6009EEC3B /* PBXTargetDependency */,
			);
			name = microjamUITests;
			productName = chirpeyUITests;
			productReference = 5669CAAE1DA7AAA6009EEC3B /* microjamUITests.xctest */;
			productType = "com.apple.product-type.bundle.ui-testing";
		};
/* End PBXNativeTarget section */

/* Begin PBXProject section */
		5669CA821DA7AAA5009EEC3B /* Project object */ = {
			isa = PBXProject;
			attributes = {
				LastUpgradeCheck = 0820;
				ORGANIZATIONNAME = "Charles Martin";
				TargetAttributes = {
					5669CA891DA7AAA5009EEC3B = {
						CreatedOnToolsVersion = 8.0;
						LastSwiftMigration = 0810;
						ProvisioningStyle = Automatic;
						SystemCapabilities = {
							com.apple.Push = {
								enabled = 1;
							};
							com.apple.iCloud = {
								enabled = 1;
							};
						};
					};
					5669CAA21DA7AAA6009EEC3B = {
						CreatedOnToolsVersion = 8.0;
						DevelopmentTeam = EDH387FRHA;
						ProvisioningStyle = Automatic;
						TestTargetID = 5669CA891DA7AAA5009EEC3B;
					};
					5669CAAD1DA7AAA6009EEC3B = {
						CreatedOnToolsVersion = 8.0;
						DevelopmentTeam = EDH387FRHA;
						LastSwiftMigration = 0830;
						ProvisioningStyle = Automatic;
						TestTargetID = 5669CA891DA7AAA5009EEC3B;
					};
				};
			};
			buildConfigurationList = 5669CA851DA7AAA5009EEC3B /* Build configuration list for PBXProject "microjam" */;
			compatibilityVersion = "Xcode 8.0";
			developmentRegion = English;
			hasScannedForEncodings = 0;
			knownRegions = (
				en,
				Base,
			);
			mainGroup = 5669CA811DA7AAA5009EEC3B;
			productRefGroup = 5669CA8B1DA7AAA5009EEC3B /* Products */;
			projectDirPath = "";
			projectRoot = "";
			targets = (
				5669CA891DA7AAA5009EEC3B /* microjam */,
				5669CAA21DA7AAA6009EEC3B /* microjamTests */,
				5669CAAD1DA7AAA6009EEC3B /* microjamUITests */,
			);
		};
/* End PBXProject section */

/* Begin PBXResourcesBuildPhase section */
		5669CA881DA7AAA5009EEC3B /* Resources */ = {
			isa = PBXResourcesBuildPhase;
			buildActionMask = 2147483647;
			files = (
				5669CAF11DA7D06A009EEC3B /* loadMetaPdLibs.pd in Resources */,
				565144061DFAF95900F56B32 /* s_drumelectro.pd in Resources */,
				565144071DFAF95900F56B32 /* s_pinknoise.pd in Resources */,
				5669CAEF1DA7D06A009EEC3B /* percsampler.pd in Resources */,
				5669CAEC1DA7D06A009EEC3B /* rlop~.pd in Resources */,
				568D1DC91DF9BEDF00A2BC0B /* keys.pd in Resources */,
				565143FE1DFAF11600F56B32 /* pluck~.pd in Resources */,
				5669CAE11DA7D06A009EEC3B /* chirp.pd in Resources */,
				5669CAE51DA7D06A009EEC3B /* stereovol.pd in Resources */,
				5669CAF61DA7D06A009EEC3B /* m_phrygian.pd in Resources */,
				5669CAE21DA7D06A009EEC3B /* dispatch.pd in Resources */,
				5669CAE31DA7D06A009EEC3B /* monopan.pd in Resources */,
				5669CAF51DA7D06A009EEC3B /* m_mixolydian.pd in Resources */,
				5669CAE71DA7D06A009EEC3B /* effectschain.pd in Resources */,
				5669CAF31DA7D06A009EEC3B /* m_lydian.pd in Resources */,
				5669CAE81DA7D06A009EEC3B /* feedbackdelay.pd in Resources */,
				565144051DFAF95900F56B32 /* e_resonzq.pd in Resources */,
				5669CAED1DA7D06A009EEC3B /* hhm-effects-chain.mmp in Resources */,
				5669CAE91DA7D06A009EEC3B /* graindelay~.pd in Resources */,
				5669CAF01DA7D06A009EEC3B /* slicesampler.pd in Resources */,
				5669CAEA1DA7D06A009EEC3B /* pitchshift~.pd in Resources */,
				5669CA9D1DA7AAA6009EEC3B /* LaunchScreen.storyboard in Resources */,
				5669CAE61DA7D06A009EEC3B /* volumeRandomise.pd in Resources */,
				5669CA9A1DA7AAA6009EEC3B /* Assets.xcassets in Resources */,
				565143FB1DFAB79E00F56B32 /* xfade.pd in Resources */,
				5653B9981EC4A05D00A90162 /* quack.pd in Resources */,
				5669CAEB1DA7D06A009EEC3B /* rev2~.pd in Resources */,
				5669CA981DA7AAA6009EEC3B /* Main.storyboard in Resources */,
				568D1DCA1DF9BEDF00A2BC0B /* strings.pd in Resources */,
				565144041DFAF95900F56B32 /* c_ead.pd in Resources */,
				5669E7A61EF88FD400DEB77D /* wub.pd in Resources */,
				568D1DC81DF9BEDF00A2BC0B /* drums.pd in Resources */,
				5669CAF41DA7D06A009EEC3B /* m_lydiansharp5.pd in Resources */,
				565143FA1DFAB79E00F56B32 /* adsr.pd in Resources */,
				568D1DC41DF995E500A2BC0B /* Settings.bundle in Resources */,
				565143FF1DFAF11600F56B32 /* stringsynth.pd in Resources */,
				5669CAE41DA7D06A009EEC3B /* monovol.pd in Resources */,
				5669CAEE1DA7D06A009EEC3B /* cpmlooper.pd in Resources */,
			);
			runOnlyForDeploymentPostprocessing = 0;
		};
		5669CAA11DA7AAA6009EEC3B /* Resources */ = {
			isa = PBXResourcesBuildPhase;
			buildActionMask = 2147483647;
			files = (
			);
			runOnlyForDeploymentPostprocessing = 0;
		};
		5669CAAC1DA7AAA6009EEC3B /* Resources */ = {
			isa = PBXResourcesBuildPhase;
			buildActionMask = 2147483647;
			files = (
			);
			runOnlyForDeploymentPostprocessing = 0;
		};
/* End PBXResourcesBuildPhase section */

/* Begin PBXShellScriptBuildPhase section */
		056BF6F9E23FE1004CCB7397 /* [CP] Embed Pods Frameworks */ = {
			isa = PBXShellScriptBuildPhase;
			buildActionMask = 2147483647;
			files = (
			);
			inputPaths = (
			);
			name = "[CP] Embed Pods Frameworks";
			outputPaths = (
			);
			runOnlyForDeploymentPostprocessing = 0;
			shellPath = /bin/sh;
			shellScript = "\"${SRCROOT}/Pods/Target Support Files/Pods-microjamTests/Pods-microjamTests-frameworks.sh\"\n";
			showEnvVarsInLog = 0;
		};
		0A0A2652E180D722C3BD7ADF /* [CP] Check Pods Manifest.lock */ = {
			isa = PBXShellScriptBuildPhase;
			buildActionMask = 2147483647;
			files = (
			);
			inputPaths = (
			);
			name = "[CP] Check Pods Manifest.lock";
			outputPaths = (
			);
			runOnlyForDeploymentPostprocessing = 0;
			shellPath = /bin/sh;
			shellScript = "diff \"${PODS_ROOT}/../Podfile.lock\" \"${PODS_ROOT}/Manifest.lock\" > /dev/null\nif [ $? != 0 ] ; then\n    # print error to STDERR\n    echo \"error: The sandbox is not in sync with the Podfile.lock. Run 'pod install' or update your CocoaPods installation.\" >&2\n    exit 1\nfi\n";
			showEnvVarsInLog = 0;
		};
		577645B447972BCADCDB618D /* [CP] Copy Pods Resources */ = {
			isa = PBXShellScriptBuildPhase;
			buildActionMask = 2147483647;
			files = (
			);
			inputPaths = (
			);
			name = "[CP] Copy Pods Resources";
			outputPaths = (
			);
			runOnlyForDeploymentPostprocessing = 0;
			shellPath = /bin/sh;
			shellScript = "\"${SRCROOT}/Pods/Target Support Files/Pods-microjamUITests/Pods-microjamUITests-resources.sh\"\n";
			showEnvVarsInLog = 0;
		};
		656B9944E165287844F8398C /* [CP] Copy Pods Resources */ = {
			isa = PBXShellScriptBuildPhase;
			buildActionMask = 2147483647;
			files = (
			);
			inputPaths = (
			);
			name = "[CP] Copy Pods Resources";
			outputPaths = (
			);
			runOnlyForDeploymentPostprocessing = 0;
			shellPath = /bin/sh;
			shellScript = "\"${SRCROOT}/Pods/Target Support Files/Pods-microjam/Pods-microjam-resources.sh\"\n";
			showEnvVarsInLog = 0;
		};
		9EABFC6289D6966467CB8F5D /* [CP] Check Pods Manifest.lock */ = {
			isa = PBXShellScriptBuildPhase;
			buildActionMask = 2147483647;
			files = (
			);
			inputPaths = (
			);
			name = "[CP] Check Pods Manifest.lock";
			outputPaths = (
			);
			runOnlyForDeploymentPostprocessing = 0;
			shellPath = /bin/sh;
			shellScript = "diff \"${PODS_ROOT}/../Podfile.lock\" \"${PODS_ROOT}/Manifest.lock\" > /dev/null\nif [ $? != 0 ] ; then\n    # print error to STDERR\n    echo \"error: The sandbox is not in sync with the Podfile.lock. Run 'pod install' or update your CocoaPods installation.\" >&2\n    exit 1\nfi\n";
			showEnvVarsInLog = 0;
		};
		A21D99AE4216398EA3976BE4 /* [CP] Embed Pods Frameworks */ = {
			isa = PBXShellScriptBuildPhase;
			buildActionMask = 2147483647;
			files = (
			);
			inputPaths = (
			);
			name = "[CP] Embed Pods Frameworks";
			outputPaths = (
			);
			runOnlyForDeploymentPostprocessing = 0;
			shellPath = /bin/sh;
			shellScript = "\"${SRCROOT}/Pods/Target Support Files/Pods-microjam/Pods-microjam-frameworks.sh\"\n";
			showEnvVarsInLog = 0;
		};
		AA973E5001E33B3F25768328 /* [CP] Check Pods Manifest.lock */ = {
			isa = PBXShellScriptBuildPhase;
			buildActionMask = 2147483647;
			files = (
			);
			inputPaths = (
			);
			name = "[CP] Check Pods Manifest.lock";
			outputPaths = (
			);
			runOnlyForDeploymentPostprocessing = 0;
			shellPath = /bin/sh;
			shellScript = "diff \"${PODS_ROOT}/../Podfile.lock\" \"${PODS_ROOT}/Manifest.lock\" > /dev/null\nif [ $? != 0 ] ; then\n    # print error to STDERR\n    echo \"error: The sandbox is not in sync with the Podfile.lock. Run 'pod install' or update your CocoaPods installation.\" >&2\n    exit 1\nfi\n";
			showEnvVarsInLog = 0;
		};
		CB9C8179A6891BA8BE27164F /* [CP] Copy Pods Resources */ = {
			isa = PBXShellScriptBuildPhase;
			buildActionMask = 2147483647;
			files = (
			);
			inputPaths = (
			);
			name = "[CP] Copy Pods Resources";
			outputPaths = (
			);
			runOnlyForDeploymentPostprocessing = 0;
			shellPath = /bin/sh;
			shellScript = "\"${SRCROOT}/Pods/Target Support Files/Pods-microjamTests/Pods-microjamTests-resources.sh\"\n";
			showEnvVarsInLog = 0;
		};
		FEAF0C809C4FF566B1993F02 /* [CP] Embed Pods Frameworks */ = {
			isa = PBXShellScriptBuildPhase;
			buildActionMask = 2147483647;
			files = (
			);
			inputPaths = (
			);
			name = "[CP] Embed Pods Frameworks";
			outputPaths = (
			);
			runOnlyForDeploymentPostprocessing = 0;
			shellPath = /bin/sh;
			shellScript = "\"${SRCROOT}/Pods/Target Support Files/Pods-microjamUITests/Pods-microjamUITests-frameworks.sh\"\n";
			showEnvVarsInLog = 0;
		};
/* End PBXShellScriptBuildPhase section */

/* Begin PBXSourcesBuildPhase section */
		5669CA861DA7AAA5009EEC3B /* Sources */ = {
			isa = PBXSourcesBuildPhase;
			buildActionMask = 2147483647;
			files = (
				56621B111DE47D5B009B9AB6 /* ChirpJamViewController.swift in Sources */,
				56621B0F1DE47376009B9AB6 /* AppDelegate.swift in Sources */,
				56D2C6EE1E65ADE100E3D14F /* UserNameChooserViewController.swift in Sources */,
				56621B131DE4A496009B9AB6 /* ChirpView.swift in Sources */,
				567286661E05E0AF0024A515 /* MicrojamTabBarController.swift in Sources */,
				563E06101EFBE71700F0D471 /* Constants.swift in Sources */,
				56B329E51E44834E001345DC /* WorldJamsTableViewController.swift in Sources */,
				56621B0D1DE39D33009B9AB6 /* ChirpPerformance.swift in Sources */,
				56621B171DEC27B0009B9AB6 /* PerformanceTableCell.swift in Sources */,
				569B92C41DFEA99C00AA257C /* SettingsTableViewController.swift in Sources */,
			);
			runOnlyForDeploymentPostprocessing = 0;
		};
		5669CA9F1DA7AAA6009EEC3B /* Sources */ = {
			isa = PBXSourcesBuildPhase;
			buildActionMask = 2147483647;
			files = (
				5669CAA81DA7AAA6009EEC3B /* chirpeyTests.m in Sources */,
			);
			runOnlyForDeploymentPostprocessing = 0;
		};
		5669CAAA1DA7AAA6009EEC3B /* Sources */ = {
			isa = PBXSourcesBuildPhase;
			buildActionMask = 2147483647;
			files = (
				564A18B41F1B6E650012131E /* MicrojamUITest.swift in Sources */,
			);
			runOnlyForDeploymentPostprocessing = 0;
		};
/* End PBXSourcesBuildPhase section */

/* Begin PBXTargetDependency section */
		5669CAA51DA7AAA6009EEC3B /* PBXTargetDependency */ = {
			isa = PBXTargetDependency;
			target = 5669CA891DA7AAA5009EEC3B /* microjam */;
			targetProxy = 5669CAA41DA7AAA6009EEC3B /* PBXContainerItemProxy */;
		};
		5669CAB01DA7AAA6009EEC3B /* PBXTargetDependency */ = {
			isa = PBXTargetDependency;
			target = 5669CA891DA7AAA5009EEC3B /* microjam */;
			targetProxy = 5669CAAF1DA7AAA6009EEC3B /* PBXContainerItemProxy */;
		};
/* End PBXTargetDependency section */

/* Begin PBXVariantGroup section */
		5669CA961DA7AAA6009EEC3B /* Main.storyboard */ = {
			isa = PBXVariantGroup;
			children = (
				5669CA971DA7AAA6009EEC3B /* Base */,
			);
			name = Main.storyboard;
			sourceTree = "<group>";
		};
		5669CA9B1DA7AAA6009EEC3B /* LaunchScreen.storyboard */ = {
			isa = PBXVariantGroup;
			children = (
				5669CA9C1DA7AAA6009EEC3B /* Base */,
			);
			name = LaunchScreen.storyboard;
			sourceTree = "<group>";
		};
/* End PBXVariantGroup section */

/* Begin XCBuildConfiguration section */
		5669CAB51DA7AAA6009EEC3B /* Debug */ = {
			isa = XCBuildConfiguration;
			buildSettings = {
				ALWAYS_SEARCH_USER_PATHS = NO;
				CLANG_ANALYZER_NONNULL = YES;
				CLANG_CXX_LANGUAGE_STANDARD = "gnu++0x";
				CLANG_CXX_LIBRARY = "libc++";
				CLANG_ENABLE_MODULES = YES;
				CLANG_ENABLE_OBJC_ARC = YES;
				CLANG_WARN_BOOL_CONVERSION = YES;
				CLANG_WARN_CONSTANT_CONVERSION = YES;
				CLANG_WARN_DIRECT_OBJC_ISA_USAGE = YES_ERROR;
				CLANG_WARN_DOCUMENTATION_COMMENTS = YES;
				CLANG_WARN_EMPTY_BODY = YES;
				CLANG_WARN_ENUM_CONVERSION = YES;
				CLANG_WARN_INFINITE_RECURSION = YES;
				CLANG_WARN_INT_CONVERSION = YES;
				CLANG_WARN_OBJC_ROOT_CLASS = YES_ERROR;
				CLANG_WARN_SUSPICIOUS_MOVE = YES;
				CLANG_WARN_SUSPICIOUS_MOVES = YES;
				CLANG_WARN_UNREACHABLE_CODE = YES;
				CLANG_WARN__DUPLICATE_METHOD_MATCH = YES;
				"CODE_SIGN_IDENTITY[sdk=iphoneos*]" = "iPhone Developer";
				COPY_PHASE_STRIP = NO;
				DEBUG_INFORMATION_FORMAT = dwarf;
				ENABLE_STRICT_OBJC_MSGSEND = YES;
				ENABLE_TESTABILITY = YES;
				GCC_C_LANGUAGE_STANDARD = gnu99;
				GCC_DYNAMIC_NO_PIC = NO;
				GCC_NO_COMMON_BLOCKS = YES;
				GCC_OPTIMIZATION_LEVEL = 0;
				GCC_PREPROCESSOR_DEFINITIONS = (
					"DEBUG=1",
					"$(inherited)",
				);
				GCC_WARN_64_TO_32_BIT_CONVERSION = YES;
				GCC_WARN_ABOUT_RETURN_TYPE = YES_ERROR;
				GCC_WARN_UNDECLARED_SELECTOR = YES;
				GCC_WARN_UNINITIALIZED_AUTOS = YES_AGGRESSIVE;
				GCC_WARN_UNUSED_FUNCTION = YES;
				GCC_WARN_UNUSED_VARIABLE = YES;
				IPHONEOS_DEPLOYMENT_TARGET = 10.0;
				MTL_ENABLE_DEBUG_INFO = YES;
				ONLY_ACTIVE_ARCH = YES;
				SDKROOT = iphoneos;
				TARGETED_DEVICE_FAMILY = "1,2";
			};
			name = Debug;
		};
		5669CAB61DA7AAA6009EEC3B /* Release */ = {
			isa = XCBuildConfiguration;
			buildSettings = {
				ALWAYS_SEARCH_USER_PATHS = NO;
				CLANG_ANALYZER_NONNULL = YES;
				CLANG_CXX_LANGUAGE_STANDARD = "gnu++0x";
				CLANG_CXX_LIBRARY = "libc++";
				CLANG_ENABLE_MODULES = YES;
				CLANG_ENABLE_OBJC_ARC = YES;
				CLANG_WARN_BOOL_CONVERSION = YES;
				CLANG_WARN_CONSTANT_CONVERSION = YES;
				CLANG_WARN_DIRECT_OBJC_ISA_USAGE = YES_ERROR;
				CLANG_WARN_DOCUMENTATION_COMMENTS = YES;
				CLANG_WARN_EMPTY_BODY = YES;
				CLANG_WARN_ENUM_CONVERSION = YES;
				CLANG_WARN_INFINITE_RECURSION = YES;
				CLANG_WARN_INT_CONVERSION = YES;
				CLANG_WARN_OBJC_ROOT_CLASS = YES_ERROR;
				CLANG_WARN_SUSPICIOUS_MOVE = YES;
				CLANG_WARN_SUSPICIOUS_MOVES = YES;
				CLANG_WARN_UNREACHABLE_CODE = YES;
				CLANG_WARN__DUPLICATE_METHOD_MATCH = YES;
				"CODE_SIGN_IDENTITY[sdk=iphoneos*]" = "iPhone Developer";
				COPY_PHASE_STRIP = NO;
				DEBUG_INFORMATION_FORMAT = "dwarf-with-dsym";
				ENABLE_NS_ASSERTIONS = NO;
				ENABLE_STRICT_OBJC_MSGSEND = YES;
				GCC_C_LANGUAGE_STANDARD = gnu99;
				GCC_NO_COMMON_BLOCKS = YES;
				GCC_WARN_64_TO_32_BIT_CONVERSION = YES;
				GCC_WARN_ABOUT_RETURN_TYPE = YES_ERROR;
				GCC_WARN_UNDECLARED_SELECTOR = YES;
				GCC_WARN_UNINITIALIZED_AUTOS = YES_AGGRESSIVE;
				GCC_WARN_UNUSED_FUNCTION = YES;
				GCC_WARN_UNUSED_VARIABLE = YES;
				IPHONEOS_DEPLOYMENT_TARGET = 10.0;
				MTL_ENABLE_DEBUG_INFO = NO;
				SDKROOT = iphoneos;
				SWIFT_OPTIMIZATION_LEVEL = "-Owholemodule";
				TARGETED_DEVICE_FAMILY = "1,2";
				VALIDATE_PRODUCT = YES;
			};
			name = Release;
		};
		5669CAB81DA7AAA6009EEC3B /* Debug */ = {
			isa = XCBuildConfiguration;
			baseConfigurationReference = FE829FC465E73CC5B1EA0153 /* Pods-microjam.debug.xcconfig */;
			buildSettings = {
				ALWAYS_EMBED_SWIFT_STANDARD_LIBRARIES = "$(inherited)";
				ALWAYS_SEARCH_USER_PATHS = NO;
				ASSETCATALOG_COMPILER_APPICON_NAME = AppIcon;
				CLANG_ENABLE_MODULES = YES;
				CODE_SIGN_ENTITLEMENTS = microjam.entitlements;
				DEVELOPMENT_TEAM = EDH387FRHA;
				HEADER_SEARCH_PATHS = "$(PODS_ROOT)/**";
				INFOPLIST_FILE = chirpey/Info.plist;
				LD_RUNPATH_SEARCH_PATHS = "$(inherited) @executable_path/Frameworks";
				PRODUCT_BUNDLE_IDENTIFIER = au.com.charlesmartin.microjam;
				PRODUCT_NAME = "$(TARGET_NAME)";
				SWIFT_OBJC_BRIDGING_HEADER = "chirpey/chirpey-Bridging-Header.h";
				SWIFT_OPTIMIZATION_LEVEL = "-Onone";
				SWIFT_VERSION = 3.0;
				TARGETED_DEVICE_FAMILY = "1,2";
			};
			name = Debug;
		};
		5669CAB91DA7AAA6009EEC3B /* Release */ = {
			isa = XCBuildConfiguration;
			baseConfigurationReference = 00573D39F924B0D7657A9E03 /* Pods-microjam.release.xcconfig */;
			buildSettings = {
				ALWAYS_EMBED_SWIFT_STANDARD_LIBRARIES = "$(inherited)";
				ALWAYS_SEARCH_USER_PATHS = NO;
				ASSETCATALOG_COMPILER_APPICON_NAME = AppIcon;
				CLANG_ENABLE_MODULES = YES;
				CODE_SIGN_ENTITLEMENTS = microjam.entitlements;
				DEVELOPMENT_TEAM = EDH387FRHA;
				HEADER_SEARCH_PATHS = "$(PODS_ROOT)/**";
				INFOPLIST_FILE = chirpey/Info.plist;
				LD_RUNPATH_SEARCH_PATHS = "$(inherited) @executable_path/Frameworks";
				PRODUCT_BUNDLE_IDENTIFIER = au.com.charlesmartin.microjam;
				PRODUCT_NAME = "$(TARGET_NAME)";
				SWIFT_OBJC_BRIDGING_HEADER = "chirpey/chirpey-Bridging-Header.h";
				SWIFT_VERSION = 3.0;
				TARGETED_DEVICE_FAMILY = "1,2";
			};
			name = Release;
		};
		5669CABB1DA7AAA6009EEC3B /* Debug */ = {
			isa = XCBuildConfiguration;
			baseConfigurationReference = 22EF216AB0EBA76631614175 /* Pods-microjamTests.debug.xcconfig */;
			buildSettings = {
				ALWAYS_EMBED_SWIFT_STANDARD_LIBRARIES = "$(inherited)";
				BUNDLE_LOADER = "$(TEST_HOST)";
				DEVELOPMENT_TEAM = EDH387FRHA;
				INFOPLIST_FILE = chirpeyTests/Info.plist;
				LD_RUNPATH_SEARCH_PATHS = "$(inherited) @executable_path/Frameworks @loader_path/Frameworks";
				PRODUCT_BUNDLE_IDENTIFIER = au.com.charlesmartin.chirpeyTests;
				PRODUCT_NAME = "$(TARGET_NAME)";
				TEST_HOST = "$(BUILT_PRODUCTS_DIR)/microjam.app/microjam";
			};
			name = Debug;
		};
		5669CABC1DA7AAA6009EEC3B /* Release */ = {
			isa = XCBuildConfiguration;
			baseConfigurationReference = 542B447A7B9AE8AC7B6CE3BB /* Pods-microjamTests.release.xcconfig */;
			buildSettings = {
				ALWAYS_EMBED_SWIFT_STANDARD_LIBRARIES = "$(inherited)";
				BUNDLE_LOADER = "$(TEST_HOST)";
				DEVELOPMENT_TEAM = EDH387FRHA;
				INFOPLIST_FILE = chirpeyTests/Info.plist;
				LD_RUNPATH_SEARCH_PATHS = "$(inherited) @executable_path/Frameworks @loader_path/Frameworks";
				PRODUCT_BUNDLE_IDENTIFIER = au.com.charlesmartin.chirpeyTests;
				PRODUCT_NAME = "$(TARGET_NAME)";
				TEST_HOST = "$(BUILT_PRODUCTS_DIR)/microjam.app/microjam";
			};
			name = Release;
		};
		5669CABE1DA7AAA6009EEC3B /* Debug */ = {
			isa = XCBuildConfiguration;
			baseConfigurationReference = 7E59A152461FB44F2E21DD12 /* Pods-microjamUITests.debug.xcconfig */;
			buildSettings = {
				ALWAYS_EMBED_SWIFT_STANDARD_LIBRARIES = "$(inherited)";
				ALWAYS_SEARCH_USER_PATHS = NO;
				CLANG_ENABLE_MODULES = YES;
				DEVELOPMENT_TEAM = EDH387FRHA;
				HEADER_SEARCH_PATHS = "";
				INFOPLIST_FILE = chirpeyUITests/Info.plist;
				LD_RUNPATH_SEARCH_PATHS = "$(inherited) @executable_path/Frameworks @loader_path/Frameworks";
				PRODUCT_BUNDLE_IDENTIFIER = au.com.charlesmartin.chirpeyUITests;
				PRODUCT_NAME = "$(TARGET_NAME)";
				SWIFT_OPTIMIZATION_LEVEL = "-Onone";
				SWIFT_VERSION = 3.0;
				TEST_TARGET_NAME = chirpey;
			};
			name = Debug;
		};
		5669CABF1DA7AAA6009EEC3B /* Release */ = {
			isa = XCBuildConfiguration;
			baseConfigurationReference = 4B8432CAAE36EBBE2D19F96D /* Pods-microjamUITests.release.xcconfig */;
			buildSettings = {
				ALWAYS_EMBED_SWIFT_STANDARD_LIBRARIES = "$(inherited)";
				ALWAYS_SEARCH_USER_PATHS = NO;
				CLANG_ENABLE_MODULES = YES;
				DEVELOPMENT_TEAM = EDH387FRHA;
				HEADER_SEARCH_PATHS = "";
				INFOPLIST_FILE = chirpeyUITests/Info.plist;
				LD_RUNPATH_SEARCH_PATHS = "$(inherited) @executable_path/Frameworks @loader_path/Frameworks";
				PRODUCT_BUNDLE_IDENTIFIER = au.com.charlesmartin.chirpeyUITests;
				PRODUCT_NAME = "$(TARGET_NAME)";
				SWIFT_VERSION = 3.0;
				TEST_TARGET_NAME = chirpey;
			};
			name = Release;
		};
/* End XCBuildConfiguration section */

/* Begin XCConfigurationList section */
		5669CA851DA7AAA5009EEC3B /* Build configuration list for PBXProject "microjam" */ = {
			isa = XCConfigurationList;
			buildConfigurations = (
				5669CAB51DA7AAA6009EEC3B /* Debug */,
				5669CAB61DA7AAA6009EEC3B /* Release */,
			);
			defaultConfigurationIsVisible = 0;
			defaultConfigurationName = Release;
		};
		5669CAB71DA7AAA6009EEC3B /* Build configuration list for PBXNativeTarget "microjam" */ = {
			isa = XCConfigurationList;
			buildConfigurations = (
				5669CAB81DA7AAA6009EEC3B /* Debug */,
				5669CAB91DA7AAA6009EEC3B /* Release */,
			);
			defaultConfigurationIsVisible = 0;
			defaultConfigurationName = Release;
		};
		5669CABA1DA7AAA6009EEC3B /* Build configuration list for PBXNativeTarget "microjamTests" */ = {
			isa = XCConfigurationList;
			buildConfigurations = (
				5669CABB1DA7AAA6009EEC3B /* Debug */,
				5669CABC1DA7AAA6009EEC3B /* Release */,
			);
			defaultConfigurationIsVisible = 0;
			defaultConfigurationName = Release;
		};
		5669CABD1DA7AAA6009EEC3B /* Build configuration list for PBXNativeTarget "microjamUITests" */ = {
			isa = XCConfigurationList;
			buildConfigurations = (
				5669CABE1DA7AAA6009EEC3B /* Debug */,
				5669CABF1DA7AAA6009EEC3B /* Release */,
			);
			defaultConfigurationIsVisible = 0;
			defaultConfigurationName = Release;
		};
/* End XCConfigurationList section */
	};
	rootObject = 5669CA821DA7AAA5009EEC3B /* Project object */;
}
